// !$*UTF8*$!
{
	archiveVersion = 1;
	classes = {
	};
	objectVersion = 56;
	objects = {

/* Begin PBXBuildFile section */
		0942B54579760268082BFEF9 /* Pods_TranslatorTests.framework in Frameworks */ = {isa = PBXBuildFile; fileRef = 83C17975E857912BED351A51 /* Pods_TranslatorTests.framework */; };
		11203A5A2A7AABE100452843 /* CountryRepository.swift in Sources */ = {isa = PBXBuildFile; fileRef = 11203A592A7AABE100452843 /* CountryRepository.swift */; };
		11203A5E2A7BBE8700452843 /* Swinject in Frameworks */ = {isa = PBXBuildFile; productRef = 11203A5D2A7BBE8700452843 /* Swinject */; };
		11203A602A7D053000452843 /* LanguageManager.swift in Sources */ = {isa = PBXBuildFile; fileRef = 11203A5F2A7D053000452843 /* LanguageManager.swift */; };
		11203A632A7D060600452843 /* UserDefaultsStorage.swift in Sources */ = {isa = PBXBuildFile; fileRef = 11203A622A7D060600452843 /* UserDefaultsStorage.swift */; };
		BDACE054AB7F8597976A68D1 /* Pods_Translator_TranslatorUITests.framework in Frameworks */ = {isa = PBXBuildFile; fileRef = EB4658282A8B14DCEEBBD108 /* Pods_Translator_TranslatorUITests.framework */; };
		EC560B2B8FA86727D86AD288 /* Pods_Translator.framework in Frameworks */ = {isa = PBXBuildFile; fileRef = 15D230D4831FBE8007CCA162 /* Pods_Translator.framework */; };
		F60A5A702A6FDFD200E04862 /* SwiftEntryKit in Frameworks */ = {isa = PBXBuildFile; productRef = F60A5A6F2A6FDFD200E04862 /* SwiftEntryKit */; };
		F61E496F2A7AAF2C00D1EA49 /* IHProgressHUD in Frameworks */ = {isa = PBXBuildFile; productRef = F61E496E2A7AAF2C00D1EA49 /* IHProgressHUD */; };
		F61E49712A7AB70600D1EA49 /* GoogleMic.xib in Resources */ = {isa = PBXBuildFile; fileRef = F61E49702A7AB70600D1EA49 /* GoogleMic.xib */; };
		F61F296B2A7BBAFF00431C03 /* HistoryFullModel.swift in Sources */ = {isa = PBXBuildFile; fileRef = F61F296A2A7BBAFF00431C03 /* HistoryFullModel.swift */; };
		F625F6B22A76B2DA0040F1A3 /* StoryboardFabric.swift in Sources */ = {isa = PBXBuildFile; fileRef = F625F6B12A76B2DA0040F1A3 /* StoryboardFabric.swift */; };
		F625F6B52A76B3440040F1A3 /* MainTranslator-ipad.storyboard in Resources */ = {isa = PBXBuildFile; fileRef = F625F6B42A76B3440040F1A3 /* MainTranslator-ipad.storyboard */; };
		F625F6B82A76B5470040F1A3 /* MainTranslatorCell-ipad.xib in Resources */ = {isa = PBXBuildFile; fileRef = F625F6B72A76B5470040F1A3 /* MainTranslatorCell-ipad.xib */; };
		F625F6BA2A76B71D0040F1A3 /* SplashScreen-ipad.storyboard in Resources */ = {isa = PBXBuildFile; fileRef = F625F6B92A76B71D0040F1A3 /* SplashScreen-ipad.storyboard */; };
		F625F6BC2A76B7710040F1A3 /* Premium-ipad.storyboard in Resources */ = {isa = PBXBuildFile; fileRef = F625F6BB2A76B7710040F1A3 /* Premium-ipad.storyboard */; };
		F625F6BE2A76BF3E0040F1A3 /* MenuItemsCell-ipad.xib in Resources */ = {isa = PBXBuildFile; fileRef = F625F6BD2A76BF3E0040F1A3 /* MenuItemsCell-ipad.xib */; };
		F625F6C02A76C0550040F1A3 /* PremiumImageCell-ipad.xib in Resources */ = {isa = PBXBuildFile; fileRef = F625F6BF2A76C0550040F1A3 /* PremiumImageCell-ipad.xib */; };
		F625F6C22A779E240040F1A3 /* History-ipad.storyboard in Resources */ = {isa = PBXBuildFile; fileRef = F625F6C12A779E240040F1A3 /* History-ipad.storyboard */; };
		F625F6C42A779FFD0040F1A3 /* HistoryEmptyCell-ipad.xib in Resources */ = {isa = PBXBuildFile; fileRef = F625F6C32A779FFD0040F1A3 /* HistoryEmptyCell-ipad.xib */; };
		F625F6C62A77A0B50040F1A3 /* HistoryFullCell-ipad.xib in Resources */ = {isa = PBXBuildFile; fileRef = F625F6C52A77A0B50040F1A3 /* HistoryFullCell-ipad.xib */; };
		F625F6C82A77A1A80040F1A3 /* TranslatorText-ipad.storyboard in Resources */ = {isa = PBXBuildFile; fileRef = F625F6C72A77A1A80040F1A3 /* TranslatorText-ipad.storyboard */; };
		F625F6CC2A77B46C0040F1A3 /* EmptyChatCell-ipad.xib in Resources */ = {isa = PBXBuildFile; fileRef = F625F6CB2A77B46C0040F1A3 /* EmptyChatCell-ipad.xib */; };
		F625F6CE2A77B4AB0040F1A3 /* LeftMessagesCell-ipad.xib in Resources */ = {isa = PBXBuildFile; fileRef = F625F6CD2A77B4AB0040F1A3 /* LeftMessagesCell-ipad.xib */; };
		F625F6D02A77B4B30040F1A3 /* RightMessagesCell-ipad.xib in Resources */ = {isa = PBXBuildFile; fileRef = F625F6CF2A77B4B30040F1A3 /* RightMessagesCell-ipad.xib */; };
		F625F6D22A77B7310040F1A3 /* VoiceChat-ipad.storyboard in Resources */ = {isa = PBXBuildFile; fileRef = F625F6D12A77B7310040F1A3 /* VoiceChat-ipad.storyboard */; };
		F625F6D42A77B7DB0040F1A3 /* SelectionCountry-ipad.storyboard in Resources */ = {isa = PBXBuildFile; fileRef = F625F6D32A77B7DB0040F1A3 /* SelectionCountry-ipad.storyboard */; };
		F625F6D62A77B83B0040F1A3 /* SectionCountryCell-ipad.xib in Resources */ = {isa = PBXBuildFile; fileRef = F625F6D52A77B83B0040F1A3 /* SectionCountryCell-ipad.xib */; };
		F625F6DB2A77B9270040F1A3 /* CameraTranslator-ipad.storyboard in Resources */ = {isa = PBXBuildFile; fileRef = F625F6DA2A77B9270040F1A3 /* CameraTranslator-ipad.storyboard */; };
		F625F6DD2A77B9330040F1A3 /* CameraEditPhoto-ipad.storyboard in Resources */ = {isa = PBXBuildFile; fileRef = F625F6DC2A77B9330040F1A3 /* CameraEditPhoto-ipad.storyboard */; };
		F625F6DF2A77C4F00040F1A3 /* SectionMenuCell-ipad.xib in Resources */ = {isa = PBXBuildFile; fileRef = F625F6DE2A77C4F00040F1A3 /* SectionMenuCell-ipad.xib */; };
		F625F6E22A77D9830040F1A3 /* SelectionCountryHeaderView-ipad.xib in Resources */ = {isa = PBXBuildFile; fileRef = F625F6E12A77D9830040F1A3 /* SelectionCountryHeaderView-ipad.xib */; };
		F625F6E52A77DBE00040F1A3 /* ClearChatView-ipad.xib in Resources */ = {isa = PBXBuildFile; fileRef = F625F6E42A77DBE00040F1A3 /* ClearChatView-ipad.xib */; };
		F625F6E82A78FA2D0040F1A3 /* Switches in Frameworks */ = {isa = PBXBuildFile; productRef = F625F6E72A78FA2D0040F1A3 /* Switches */; };
		F62893592A6E999C00B7A36C /* MainTranslatorModelCell.swift in Sources */ = {isa = PBXBuildFile; fileRef = F62893582A6E999C00B7A36C /* MainTranslatorModelCell.swift */; };
		F628935D2A6EBB9100B7A36C /* DrawerPresentationController.swift in Sources */ = {isa = PBXBuildFile; fileRef = F628935C2A6EBB9100B7A36C /* DrawerPresentationController.swift */; };
		F62893602A6EBBD900B7A36C /* DrawerSlideAnimation.swift in Sources */ = {isa = PBXBuildFile; fileRef = F628935F2A6EBBD900B7A36C /* DrawerSlideAnimation.swift */; };
		F62893622A6EBC2700B7A36C /* DrawerTransitionManager.swift in Sources */ = {isa = PBXBuildFile; fileRef = F62893612A6EBC2700B7A36C /* DrawerTransitionManager.swift */; };
		F62893652A6EBCAD00B7A36C /* DrawerMenuViewController.swift in Sources */ = {isa = PBXBuildFile; fileRef = F62893642A6EBCAD00B7A36C /* DrawerMenuViewController.swift */; };
		F62893692A6EBE1000B7A36C /* PremiumImageCell.xib in Resources */ = {isa = PBXBuildFile; fileRef = F62893682A6EBE1000B7A36C /* PremiumImageCell.xib */; };
		F628936B2A6EBE2100B7A36C /* MenuItemsCell.xib in Resources */ = {isa = PBXBuildFile; fileRef = F628936A2A6EBE2100B7A36C /* MenuItemsCell.xib */; };
		F628936E2A6EC02000B7A36C /* PremiumImageCell.swift in Sources */ = {isa = PBXBuildFile; fileRef = F628936D2A6EC02000B7A36C /* PremiumImageCell.swift */; };
		F62893702A6EC12800B7A36C /* MenuItemsCell.swift in Sources */ = {isa = PBXBuildFile; fileRef = F628936F2A6EC12800B7A36C /* MenuItemsCell.swift */; };
		F62893752A6EC29D00B7A36C /* MenuItemsModel.swift in Sources */ = {isa = PBXBuildFile; fileRef = F62893742A6EC29D00B7A36C /* MenuItemsModel.swift */; };
		F62893782A6EC38E00B7A36C /* DrawerMenuCellType.swift in Sources */ = {isa = PBXBuildFile; fileRef = F62893772A6EC38E00B7A36C /* DrawerMenuCellType.swift */; };
		F62893872A6FC53D00B7A36C /* History.storyboard in Resources */ = {isa = PBXBuildFile; fileRef = F62893862A6FC53D00B7A36C /* History.storyboard */; };
		F68C37002A71328500AD0A1F /* EmptyChatCell.xib in Resources */ = {isa = PBXBuildFile; fileRef = F68C36FF2A71328500AD0A1F /* EmptyChatCell.xib */; };
		F68C37022A71329300AD0A1F /* EmptyChatCell.swift in Sources */ = {isa = PBXBuildFile; fileRef = F68C37012A71329300AD0A1F /* EmptyChatCell.swift */; };
		F68C37042A71393C00AD0A1F /* SelectionCountry.storyboard in Resources */ = {isa = PBXBuildFile; fileRef = F68C37032A71393C00AD0A1F /* SelectionCountry.storyboard */; };
		F68C37062A713A3100AD0A1F /* SelectionCountryViewController.swift in Sources */ = {isa = PBXBuildFile; fileRef = F68C37052A713A3100AD0A1F /* SelectionCountryViewController.swift */; };
		F68C37082A71438100AD0A1F /* SectionCountryCell.xib in Resources */ = {isa = PBXBuildFile; fileRef = F68C37072A71438100AD0A1F /* SectionCountryCell.xib */; };
		F68C370A2A7148A100AD0A1F /* SectionCountryCell.swift in Sources */ = {isa = PBXBuildFile; fileRef = F68C37092A7148A100AD0A1F /* SectionCountryCell.swift */; };
		F68C370C2A714F5500AD0A1F /* SelectionCountryModel.swift in Sources */ = {isa = PBXBuildFile; fileRef = F68C370B2A714F5500AD0A1F /* SelectionCountryModel.swift */; };
		F68C37102A71509800AD0A1F /* SectionModel.swift in Sources */ = {isa = PBXBuildFile; fileRef = F68C370F2A71509800AD0A1F /* SectionModel.swift */; };
		F68C37132A71517A00AD0A1F /* SelectionCountryHeaderView.xib in Resources */ = {isa = PBXBuildFile; fileRef = F68C37122A71517A00AD0A1F /* SelectionCountryHeaderView.xib */; };
		F68C37162A71522F00AD0A1F /* SelectionCountryHeaderView.swift in Sources */ = {isa = PBXBuildFile; fileRef = F68C37152A71522F00AD0A1F /* SelectionCountryHeaderView.swift */; };
		F6B170472A6E93B2002A7BD2 /* MainTranslatorCell.swift in Sources */ = {isa = PBXBuildFile; fileRef = F6B170462A6E93B2002A7BD2 /* MainTranslatorCell.swift */; };
		F6B1704B2A6E93EC002A7BD2 /* MainTranslatorCell.xib in Resources */ = {isa = PBXBuildFile; fileRef = F6B1704A2A6E93EC002A7BD2 /* MainTranslatorCell.xib */; };
		F6BE51642A725EC900625E62 /* CameraTranslator.storyboard in Resources */ = {isa = PBXBuildFile; fileRef = F6BE51632A725EC900625E62 /* CameraTranslator.storyboard */; };
		F6BE51662A72625B00625E62 /* CameraTranslatorViewController.swift in Sources */ = {isa = PBXBuildFile; fileRef = F6BE51652A72625B00625E62 /* CameraTranslatorViewController.swift */; };
		F6C0D30D2A6E92CC00418837 /* MainTranslatoreViewController.swift in Sources */ = {isa = PBXBuildFile; fileRef = F6C0D30C2A6E92CC00418837 /* MainTranslatoreViewController.swift */; };
		F6CFB9772A7279A10058246B /* CameraEditPhoto.storyboard in Resources */ = {isa = PBXBuildFile; fileRef = F6CFB9762A7279A10058246B /* CameraEditPhoto.storyboard */; };
		F6D2C8B22A7004A200F7D7EF /* TextField.swift in Sources */ = {isa = PBXBuildFile; fileRef = F6D2C8B12A7004A200F7D7EF /* TextField.swift */; };
		F6D2C8B62A70074A00F7D7EF /* TextMessageView.swift in Sources */ = {isa = PBXBuildFile; fileRef = F6D2C8B52A70074A00F7D7EF /* TextMessageView.swift */; };
		F6D2C8CB2A711AA200F7D7EF /* VoiceChat.storyboard in Resources */ = {isa = PBXBuildFile; fileRef = F6D2C8CA2A711AA200F7D7EF /* VoiceChat.storyboard */; };
		F6D2C8CD2A711AB400F7D7EF /* VoiceChatViewController.swift in Sources */ = {isa = PBXBuildFile; fileRef = F6D2C8CC2A711AB400F7D7EF /* VoiceChatViewController.swift */; };
		F6D2C8D02A71203400F7D7EF /* LeftMessagesCell.xib in Resources */ = {isa = PBXBuildFile; fileRef = F6D2C8CF2A71203400F7D7EF /* LeftMessagesCell.xib */; };
		F6D2C8D22A71203C00F7D7EF /* RightMessagesCell.xib in Resources */ = {isa = PBXBuildFile; fileRef = F6D2C8D12A71203C00F7D7EF /* RightMessagesCell.xib */; };
		F6D2C8D52A71206D00F7D7EF /* LeftMessagesCell.swift in Sources */ = {isa = PBXBuildFile; fileRef = F6D2C8D42A71206D00F7D7EF /* LeftMessagesCell.swift */; };
		F6D2C8D72A71207C00F7D7EF /* RightMessegesCell.swift in Sources */ = {isa = PBXBuildFile; fileRef = F6D2C8D62A71207C00F7D7EF /* RightMessegesCell.swift */; };
		F6D2C8DB2A71268500F7D7EF /* MessagesModel.swift in Sources */ = {isa = PBXBuildFile; fileRef = F6D2C8DA2A71268500F7D7EF /* MessagesModel.swift */; };
		F6D5D9642A727BAF00A8053B /* CameraEditPhotoViewController.swift in Sources */ = {isa = PBXBuildFile; fileRef = F6D5D9632A727BAF00A8053B /* CameraEditPhotoViewController.swift */; };
		F6D5D9792A7534D100A8053B /* SectionMenuCell.xib in Resources */ = {isa = PBXBuildFile; fileRef = F6D5D9782A7534D100A8053B /* SectionMenuCell.xib */; };
		F6D5D97B2A75352E00A8053B /* SectionMenuCell.swift in Sources */ = {isa = PBXBuildFile; fileRef = F6D5D97A2A75352E00A8053B /* SectionMenuCell.swift */; };
		F6D622FA2A6FC9D800D24F16 /* HistoryViewController.swift in Sources */ = {isa = PBXBuildFile; fileRef = F6D622F92A6FC9D800D24F16 /* HistoryViewController.swift */; };
		F6D622FC2A6FCC7000D24F16 /* HistoryEmptyTableViewCell.swift in Sources */ = {isa = PBXBuildFile; fileRef = F6D622FB2A6FCC7000D24F16 /* HistoryEmptyTableViewCell.swift */; };
		F6D622FF2A6FCC8600D24F16 /* HistoryFullTableViewCell.swift in Sources */ = {isa = PBXBuildFile; fileRef = F6D622FE2A6FCC8600D24F16 /* HistoryFullTableViewCell.swift */; };
		F6D623022A6FCC9700D24F16 /* HistoryEmptyCell.xib in Resources */ = {isa = PBXBuildFile; fileRef = F6D623012A6FCC9700D24F16 /* HistoryEmptyCell.xib */; };
		F6D623042A6FCCA400D24F16 /* HistoryFullCell.xib in Resources */ = {isa = PBXBuildFile; fileRef = F6D623032A6FCCA400D24F16 /* HistoryFullCell.xib */; };
		F6D623072A6FCEF500D24F16 /* HistoryEmptyModel.swift in Sources */ = {isa = PBXBuildFile; fileRef = F6D623062A6FCEF500D24F16 /* HistoryEmptyModel.swift */; };
		F6D623092A6FCF3600D24F16 /* BaseHistoryModel.swift in Sources */ = {isa = PBXBuildFile; fileRef = F6D623082A6FCF3600D24F16 /* BaseHistoryModel.swift */; };
		F6D6230D2A6FD4FE00D24F16 /* Offer30View.xib in Resources */ = {isa = PBXBuildFile; fileRef = F6D6230C2A6FD4FE00D24F16 /* Offer30View.xib */; };
		F6D6230F2A6FD50600D24F16 /* Offer50View.xib in Resources */ = {isa = PBXBuildFile; fileRef = F6D6230E2A6FD50600D24F16 /* Offer50View.xib */; };
		F6D623112A6FD51900D24F16 /* Offer30View.swift in Sources */ = {isa = PBXBuildFile; fileRef = F6D623102A6FD51900D24F16 /* Offer30View.swift */; };
		F6D623132A6FD52300D24F16 /* Offer50View.swift in Sources */ = {isa = PBXBuildFile; fileRef = F6D623122A6FD52300D24F16 /* Offer50View.swift */; };
		F6DDCBC92A6FF0B6007B51EE /* ClearChatView.xib in Resources */ = {isa = PBXBuildFile; fileRef = F6DDCBC82A6FF0B6007B51EE /* ClearChatView.xib */; };
		F6DDCBCB2A6FF911007B51EE /* ClearChatView.swift in Sources */ = {isa = PBXBuildFile; fileRef = F6DDCBCA2A6FF911007B51EE /* ClearChatView.swift */; };
		F6DDCBCD2A6FFB76007B51EE /* ClearHistoryView.xib in Resources */ = {isa = PBXBuildFile; fileRef = F6DDCBCC2A6FFB76007B51EE /* ClearHistoryView.xib */; };
		F6DDCBCF2A6FFB81007B51EE /* ClearHistoryView.swift in Sources */ = {isa = PBXBuildFile; fileRef = F6DDCBCE2A6FFB81007B51EE /* ClearHistoryView.swift */; };
		F6DDCBD12A6FFBFF007B51EE /* TranslatorText.storyboard in Resources */ = {isa = PBXBuildFile; fileRef = F6DDCBD02A6FFBFF007B51EE /* TranslatorText.storyboard */; };
		F6DDCBD32A6FFC18007B51EE /* TranslatorTextViewController.swift in Sources */ = {isa = PBXBuildFile; fileRef = F6DDCBD22A6FFC18007B51EE /* TranslatorTextViewController.swift */; };
		F6DE20B62A6E6A7F003F49F4 /* AppDelegate.swift in Sources */ = {isa = PBXBuildFile; fileRef = F6DE20B52A6E6A7F003F49F4 /* AppDelegate.swift */; };
		F6DE20B82A6E6A7F003F49F4 /* SceneDelegate.swift in Sources */ = {isa = PBXBuildFile; fileRef = F6DE20B72A6E6A7F003F49F4 /* SceneDelegate.swift */; };
		F6DE20BD2A6E6A7F003F49F4 /* MainTranslator.storyboard in Resources */ = {isa = PBXBuildFile; fileRef = F6DE20BB2A6E6A7F003F49F4 /* MainTranslator.storyboard */; };
		F6DE20BF2A6E6A80003F49F4 /* Assets.xcassets in Resources */ = {isa = PBXBuildFile; fileRef = F6DE20BE2A6E6A80003F49F4 /* Assets.xcassets */; };
		F6DE20C22A6E6A80003F49F4 /* LaunchScreen.storyboard in Resources */ = {isa = PBXBuildFile; fileRef = F6DE20C02A6E6A80003F49F4 /* LaunchScreen.storyboard */; };
		F6DE20CD2A6E6A80003F49F4 /* TranslatorTests.swift in Sources */ = {isa = PBXBuildFile; fileRef = F6DE20CC2A6E6A80003F49F4 /* TranslatorTests.swift */; };
		F6DE20D72A6E6A80003F49F4 /* TranslatorUITests.swift in Sources */ = {isa = PBXBuildFile; fileRef = F6DE20D62A6E6A80003F49F4 /* TranslatorUITests.swift */; };
		F6DE20D92A6E6A80003F49F4 /* TranslatorUITestsLaunchTests.swift in Sources */ = {isa = PBXBuildFile; fileRef = F6DE20D82A6E6A80003F49F4 /* TranslatorUITestsLaunchTests.swift */; };
		F6DE20EB2A6E6CFE003F49F4 /* SplashScreen.storyboard in Resources */ = {isa = PBXBuildFile; fileRef = F6DE20EA2A6E6CFE003F49F4 /* SplashScreen.storyboard */; };
		F6DE20ED2A6E6DD2003F49F4 /* SplashScreenViewController.swift in Sources */ = {isa = PBXBuildFile; fileRef = F6DE20EC2A6E6DD2003F49F4 /* SplashScreenViewController.swift */; };
		F6DE20F02A6E7273003F49F4 /* Sriracha-Regular.ttf in Resources */ = {isa = PBXBuildFile; fileRef = F6DE20EF2A6E7273003F49F4 /* Sriracha-Regular.ttf */; };
		F6DE21222A6E72DF003F49F4 /* FixelText-Light.ttf in Resources */ = {isa = PBXBuildFile; fileRef = F6DE20F12A6E72DE003F49F4 /* FixelText-Light.ttf */; };
		F6DE21232A6E72DF003F49F4 /* FixelText-ExtraLight.ttf in Resources */ = {isa = PBXBuildFile; fileRef = F6DE20F22A6E72DE003F49F4 /* FixelText-ExtraLight.ttf */; };
		F6DE21242A6E72DF003F49F4 /* FixelText-SemiBold.ttf in Resources */ = {isa = PBXBuildFile; fileRef = F6DE20F32A6E72DE003F49F4 /* FixelText-SemiBold.ttf */; };
		F6DE21252A6E72DF003F49F4 /* FixelText-Black.ttf in Resources */ = {isa = PBXBuildFile; fileRef = F6DE20F42A6E72DE003F49F4 /* FixelText-Black.ttf */; };
		F6DE21262A6E72DF003F49F4 /* FixelText-Regular.ttf in Resources */ = {isa = PBXBuildFile; fileRef = F6DE20F52A6E72DF003F49F4 /* FixelText-Regular.ttf */; };
		F6DE21272A6E72DF003F49F4 /* FixelText-Bold.ttf in Resources */ = {isa = PBXBuildFile; fileRef = F6DE20F62A6E72DF003F49F4 /* FixelText-Bold.ttf */; };
		F6DE21282A6E72DF003F49F4 /* FixelText-Thin.ttf in Resources */ = {isa = PBXBuildFile; fileRef = F6DE20F72A6E72DF003F49F4 /* FixelText-Thin.ttf */; };
		F6DE21292A6E72DF003F49F4 /* FixelText-Medium.ttf in Resources */ = {isa = PBXBuildFile; fileRef = F6DE20F82A6E72DF003F49F4 /* FixelText-Medium.ttf */; };
		F6DE21542A6E7B43003F49F4 /* UIView+rotation.swift in Sources */ = {isa = PBXBuildFile; fileRef = F6DE21532A6E7B43003F49F4 /* UIView+rotation.swift */; };
		F6DE21562A6E7C49003F49F4 /* Premium.storyboard in Resources */ = {isa = PBXBuildFile; fileRef = F6DE21552A6E7C49003F49F4 /* Premium.storyboard */; };
		F6DE21592A6E7CBD003F49F4 /* PremiumViewController.swift in Sources */ = {isa = PBXBuildFile; fileRef = F6DE21582A6E7CBD003F49F4 /* PremiumViewController.swift */; };
/* End PBXBuildFile section */

/* Begin PBXContainerItemProxy section */
		F6DE20C92A6E6A80003F49F4 /* PBXContainerItemProxy */ = {
			isa = PBXContainerItemProxy;
			containerPortal = F6DE20AA2A6E6A7F003F49F4 /* Project object */;
			proxyType = 1;
			remoteGlobalIDString = F6DE20B12A6E6A7F003F49F4;
			remoteInfo = Translator;
		};
		F6DE20D32A6E6A80003F49F4 /* PBXContainerItemProxy */ = {
			isa = PBXContainerItemProxy;
			containerPortal = F6DE20AA2A6E6A7F003F49F4 /* Project object */;
			proxyType = 1;
			remoteGlobalIDString = F6DE20B12A6E6A7F003F49F4;
			remoteInfo = Translator;
		};
/* End PBXContainerItemProxy section */

/* Begin PBXCopyFilesBuildPhase section */
		F6D2C8C92A7023C900F7D7EF /* Embed Foundation Extensions */ = {
			isa = PBXCopyFilesBuildPhase;
			buildActionMask = 2147483647;
			dstPath = "";
			dstSubfolderSpec = 13;
			files = (
			);
			name = "Embed Foundation Extensions";
			runOnlyForDeploymentPostprocessing = 0;
		};
/* End PBXCopyFilesBuildPhase section */

/* Begin PBXFileReference section */
		11203A592A7AABE100452843 /* CountryRepository.swift */ = {isa = PBXFileReference; lastKnownFileType = sourcecode.swift; path = CountryRepository.swift; sourceTree = "<group>"; };
		11203A5F2A7D053000452843 /* LanguageManager.swift */ = {isa = PBXFileReference; lastKnownFileType = sourcecode.swift; path = LanguageManager.swift; sourceTree = "<group>"; };
		11203A622A7D060600452843 /* UserDefaultsStorage.swift */ = {isa = PBXFileReference; lastKnownFileType = sourcecode.swift; path = UserDefaultsStorage.swift; sourceTree = "<group>"; };
		15D230D4831FBE8007CCA162 /* Pods_Translator.framework */ = {isa = PBXFileReference; explicitFileType = wrapper.framework; includeInIndex = 0; path = Pods_Translator.framework; sourceTree = BUILT_PRODUCTS_DIR; };
		57C2C79C259450A96A23ADDD /* Pods-TranslatorTests.debug.xcconfig */ = {isa = PBXFileReference; includeInIndex = 1; lastKnownFileType = text.xcconfig; name = "Pods-TranslatorTests.debug.xcconfig"; path = "Target Support Files/Pods-TranslatorTests/Pods-TranslatorTests.debug.xcconfig"; sourceTree = "<group>"; };
		83C17975E857912BED351A51 /* Pods_TranslatorTests.framework */ = {isa = PBXFileReference; explicitFileType = wrapper.framework; includeInIndex = 0; path = Pods_TranslatorTests.framework; sourceTree = BUILT_PRODUCTS_DIR; };
		B1CC80825767ED19491A6F2E /* Pods-Translator.release.xcconfig */ = {isa = PBXFileReference; includeInIndex = 1; lastKnownFileType = text.xcconfig; name = "Pods-Translator.release.xcconfig"; path = "Target Support Files/Pods-Translator/Pods-Translator.release.xcconfig"; sourceTree = "<group>"; };
		BA72D7335C468B1D83F39489 /* Pods-Translator.debug.xcconfig */ = {isa = PBXFileReference; includeInIndex = 1; lastKnownFileType = text.xcconfig; name = "Pods-Translator.debug.xcconfig"; path = "Target Support Files/Pods-Translator/Pods-Translator.debug.xcconfig"; sourceTree = "<group>"; };
		CAA51D7F3A05179E3CC73F7E /* Pods-TranslatorTests.release.xcconfig */ = {isa = PBXFileReference; includeInIndex = 1; lastKnownFileType = text.xcconfig; name = "Pods-TranslatorTests.release.xcconfig"; path = "Target Support Files/Pods-TranslatorTests/Pods-TranslatorTests.release.xcconfig"; sourceTree = "<group>"; };
		CBEBA4B1A1F81FC57FE50A17 /* Pods-Translator-TranslatorUITests.debug.xcconfig */ = {isa = PBXFileReference; includeInIndex = 1; lastKnownFileType = text.xcconfig; name = "Pods-Translator-TranslatorUITests.debug.xcconfig"; path = "Target Support Files/Pods-Translator-TranslatorUITests/Pods-Translator-TranslatorUITests.debug.xcconfig"; sourceTree = "<group>"; };
		D01A70DA097BB24F3B62C063 /* Pods-Translator-TranslatorUITests.release.xcconfig */ = {isa = PBXFileReference; includeInIndex = 1; lastKnownFileType = text.xcconfig; name = "Pods-Translator-TranslatorUITests.release.xcconfig"; path = "Target Support Files/Pods-Translator-TranslatorUITests/Pods-Translator-TranslatorUITests.release.xcconfig"; sourceTree = "<group>"; };
		EB4658282A8B14DCEEBBD108 /* Pods_Translator_TranslatorUITests.framework */ = {isa = PBXFileReference; explicitFileType = wrapper.framework; includeInIndex = 0; path = Pods_Translator_TranslatorUITests.framework; sourceTree = BUILT_PRODUCTS_DIR; };
		F61E49702A7AB70600D1EA49 /* GoogleMic.xib */ = {isa = PBXFileReference; lastKnownFileType = file.xib; path = GoogleMic.xib; sourceTree = "<group>"; };
		F61F296A2A7BBAFF00431C03 /* HistoryFullModel.swift */ = {isa = PBXFileReference; lastKnownFileType = sourcecode.swift; path = HistoryFullModel.swift; sourceTree = "<group>"; };
		F625F6B12A76B2DA0040F1A3 /* StoryboardFabric.swift */ = {isa = PBXFileReference; lastKnownFileType = sourcecode.swift; path = StoryboardFabric.swift; sourceTree = "<group>"; };
		F625F6B42A76B3440040F1A3 /* MainTranslator-ipad.storyboard */ = {isa = PBXFileReference; lastKnownFileType = file.storyboard; path = "MainTranslator-ipad.storyboard"; sourceTree = "<group>"; };
		F625F6B72A76B5470040F1A3 /* MainTranslatorCell-ipad.xib */ = {isa = PBXFileReference; lastKnownFileType = file.xib; path = "MainTranslatorCell-ipad.xib"; sourceTree = "<group>"; };
		F625F6B92A76B71D0040F1A3 /* SplashScreen-ipad.storyboard */ = {isa = PBXFileReference; lastKnownFileType = file.storyboard; path = "SplashScreen-ipad.storyboard"; sourceTree = "<group>"; };
		F625F6BB2A76B7710040F1A3 /* Premium-ipad.storyboard */ = {isa = PBXFileReference; lastKnownFileType = file.storyboard; path = "Premium-ipad.storyboard"; sourceTree = "<group>"; };
		F625F6BD2A76BF3E0040F1A3 /* MenuItemsCell-ipad.xib */ = {isa = PBXFileReference; lastKnownFileType = file.xib; path = "MenuItemsCell-ipad.xib"; sourceTree = "<group>"; };
		F625F6BF2A76C0550040F1A3 /* PremiumImageCell-ipad.xib */ = {isa = PBXFileReference; lastKnownFileType = file.xib; path = "PremiumImageCell-ipad.xib"; sourceTree = "<group>"; };
		F625F6C12A779E240040F1A3 /* History-ipad.storyboard */ = {isa = PBXFileReference; lastKnownFileType = file.storyboard; path = "History-ipad.storyboard"; sourceTree = "<group>"; };
		F625F6C32A779FFD0040F1A3 /* HistoryEmptyCell-ipad.xib */ = {isa = PBXFileReference; lastKnownFileType = file.xib; path = "HistoryEmptyCell-ipad.xib"; sourceTree = "<group>"; };
		F625F6C52A77A0B50040F1A3 /* HistoryFullCell-ipad.xib */ = {isa = PBXFileReference; lastKnownFileType = file.xib; path = "HistoryFullCell-ipad.xib"; sourceTree = "<group>"; };
		F625F6C72A77A1A80040F1A3 /* TranslatorText-ipad.storyboard */ = {isa = PBXFileReference; lastKnownFileType = file.storyboard; path = "TranslatorText-ipad.storyboard"; sourceTree = "<group>"; };
		F625F6CB2A77B46C0040F1A3 /* EmptyChatCell-ipad.xib */ = {isa = PBXFileReference; lastKnownFileType = file.xib; path = "EmptyChatCell-ipad.xib"; sourceTree = "<group>"; };
		F625F6CD2A77B4AB0040F1A3 /* LeftMessagesCell-ipad.xib */ = {isa = PBXFileReference; lastKnownFileType = file.xib; path = "LeftMessagesCell-ipad.xib"; sourceTree = "<group>"; };
		F625F6CF2A77B4B30040F1A3 /* RightMessagesCell-ipad.xib */ = {isa = PBXFileReference; lastKnownFileType = file.xib; path = "RightMessagesCell-ipad.xib"; sourceTree = "<group>"; };
		F625F6D12A77B7310040F1A3 /* VoiceChat-ipad.storyboard */ = {isa = PBXFileReference; lastKnownFileType = file.storyboard; path = "VoiceChat-ipad.storyboard"; sourceTree = "<group>"; };
		F625F6D32A77B7DB0040F1A3 /* SelectionCountry-ipad.storyboard */ = {isa = PBXFileReference; lastKnownFileType = file.storyboard; path = "SelectionCountry-ipad.storyboard"; sourceTree = "<group>"; };
		F625F6D52A77B83B0040F1A3 /* SectionCountryCell-ipad.xib */ = {isa = PBXFileReference; lastKnownFileType = file.xib; path = "SectionCountryCell-ipad.xib"; sourceTree = "<group>"; };
		F625F6DA2A77B9270040F1A3 /* CameraTranslator-ipad.storyboard */ = {isa = PBXFileReference; lastKnownFileType = file.storyboard; path = "CameraTranslator-ipad.storyboard"; sourceTree = "<group>"; };
		F625F6DC2A77B9330040F1A3 /* CameraEditPhoto-ipad.storyboard */ = {isa = PBXFileReference; lastKnownFileType = file.storyboard; path = "CameraEditPhoto-ipad.storyboard"; sourceTree = "<group>"; };
		F625F6DE2A77C4F00040F1A3 /* SectionMenuCell-ipad.xib */ = {isa = PBXFileReference; lastKnownFileType = file.xib; path = "SectionMenuCell-ipad.xib"; sourceTree = "<group>"; };
		F625F6E12A77D9830040F1A3 /* SelectionCountryHeaderView-ipad.xib */ = {isa = PBXFileReference; lastKnownFileType = file.xib; path = "SelectionCountryHeaderView-ipad.xib"; sourceTree = "<group>"; };
		F625F6E42A77DBE00040F1A3 /* ClearChatView-ipad.xib */ = {isa = PBXFileReference; lastKnownFileType = file.xib; path = "ClearChatView-ipad.xib"; sourceTree = "<group>"; };
		F62893582A6E999C00B7A36C /* MainTranslatorModelCell.swift */ = {isa = PBXFileReference; lastKnownFileType = sourcecode.swift; path = MainTranslatorModelCell.swift; sourceTree = "<group>"; };
		F628935C2A6EBB9100B7A36C /* DrawerPresentationController.swift */ = {isa = PBXFileReference; lastKnownFileType = sourcecode.swift; path = DrawerPresentationController.swift; sourceTree = "<group>"; };
		F628935F2A6EBBD900B7A36C /* DrawerSlideAnimation.swift */ = {isa = PBXFileReference; lastKnownFileType = sourcecode.swift; path = DrawerSlideAnimation.swift; sourceTree = "<group>"; };
		F62893612A6EBC2700B7A36C /* DrawerTransitionManager.swift */ = {isa = PBXFileReference; lastKnownFileType = sourcecode.swift; path = DrawerTransitionManager.swift; sourceTree = "<group>"; };
		F62893642A6EBCAD00B7A36C /* DrawerMenuViewController.swift */ = {isa = PBXFileReference; lastKnownFileType = sourcecode.swift; path = DrawerMenuViewController.swift; sourceTree = "<group>"; };
		F62893682A6EBE1000B7A36C /* PremiumImageCell.xib */ = {isa = PBXFileReference; lastKnownFileType = file.xib; path = PremiumImageCell.xib; sourceTree = "<group>"; };
		F628936A2A6EBE2100B7A36C /* MenuItemsCell.xib */ = {isa = PBXFileReference; lastKnownFileType = file.xib; path = MenuItemsCell.xib; sourceTree = "<group>"; };
		F628936D2A6EC02000B7A36C /* PremiumImageCell.swift */ = {isa = PBXFileReference; lastKnownFileType = sourcecode.swift; path = PremiumImageCell.swift; sourceTree = "<group>"; };
		F628936F2A6EC12800B7A36C /* MenuItemsCell.swift */ = {isa = PBXFileReference; lastKnownFileType = sourcecode.swift; path = MenuItemsCell.swift; sourceTree = "<group>"; };
		F62893742A6EC29D00B7A36C /* MenuItemsModel.swift */ = {isa = PBXFileReference; lastKnownFileType = sourcecode.swift; path = MenuItemsModel.swift; sourceTree = "<group>"; };
		F62893772A6EC38E00B7A36C /* DrawerMenuCellType.swift */ = {isa = PBXFileReference; lastKnownFileType = sourcecode.swift; path = DrawerMenuCellType.swift; sourceTree = "<group>"; };
		F62893862A6FC53D00B7A36C /* History.storyboard */ = {isa = PBXFileReference; lastKnownFileType = file.storyboard; path = History.storyboard; sourceTree = "<group>"; };
		F68C36FF2A71328500AD0A1F /* EmptyChatCell.xib */ = {isa = PBXFileReference; lastKnownFileType = file.xib; path = EmptyChatCell.xib; sourceTree = "<group>"; };
		F68C37012A71329300AD0A1F /* EmptyChatCell.swift */ = {isa = PBXFileReference; lastKnownFileType = sourcecode.swift; path = EmptyChatCell.swift; sourceTree = "<group>"; };
		F68C37032A71393C00AD0A1F /* SelectionCountry.storyboard */ = {isa = PBXFileReference; lastKnownFileType = file.storyboard; path = SelectionCountry.storyboard; sourceTree = "<group>"; };
		F68C37052A713A3100AD0A1F /* SelectionCountryViewController.swift */ = {isa = PBXFileReference; lastKnownFileType = sourcecode.swift; path = SelectionCountryViewController.swift; sourceTree = "<group>"; };
		F68C37072A71438100AD0A1F /* SectionCountryCell.xib */ = {isa = PBXFileReference; lastKnownFileType = file.xib; path = SectionCountryCell.xib; sourceTree = "<group>"; };
		F68C37092A7148A100AD0A1F /* SectionCountryCell.swift */ = {isa = PBXFileReference; lastKnownFileType = sourcecode.swift; path = SectionCountryCell.swift; sourceTree = "<group>"; };
		F68C370B2A714F5500AD0A1F /* SelectionCountryModel.swift */ = {isa = PBXFileReference; lastKnownFileType = sourcecode.swift; path = SelectionCountryModel.swift; sourceTree = "<group>"; };
		F68C370F2A71509800AD0A1F /* SectionModel.swift */ = {isa = PBXFileReference; lastKnownFileType = sourcecode.swift; path = SectionModel.swift; sourceTree = "<group>"; };
		F68C37122A71517A00AD0A1F /* SelectionCountryHeaderView.xib */ = {isa = PBXFileReference; lastKnownFileType = file.xib; path = SelectionCountryHeaderView.xib; sourceTree = "<group>"; };
		F68C37152A71522F00AD0A1F /* SelectionCountryHeaderView.swift */ = {isa = PBXFileReference; lastKnownFileType = sourcecode.swift; path = SelectionCountryHeaderView.swift; sourceTree = "<group>"; };
		F6B170462A6E93B2002A7BD2 /* MainTranslatorCell.swift */ = {isa = PBXFileReference; lastKnownFileType = sourcecode.swift; path = MainTranslatorCell.swift; sourceTree = "<group>"; };
		F6B1704A2A6E93EC002A7BD2 /* MainTranslatorCell.xib */ = {isa = PBXFileReference; lastKnownFileType = file.xib; path = MainTranslatorCell.xib; sourceTree = "<group>"; };
		F6BE51632A725EC900625E62 /* CameraTranslator.storyboard */ = {isa = PBXFileReference; lastKnownFileType = file.storyboard; path = CameraTranslator.storyboard; sourceTree = "<group>"; };
		F6BE51652A72625B00625E62 /* CameraTranslatorViewController.swift */ = {isa = PBXFileReference; lastKnownFileType = sourcecode.swift; path = CameraTranslatorViewController.swift; sourceTree = "<group>"; };
		F6C0D30C2A6E92CC00418837 /* MainTranslatoreViewController.swift */ = {isa = PBXFileReference; lastKnownFileType = sourcecode.swift; path = MainTranslatoreViewController.swift; sourceTree = "<group>"; };
		F6CFB9762A7279A10058246B /* CameraEditPhoto.storyboard */ = {isa = PBXFileReference; lastKnownFileType = file.storyboard; path = CameraEditPhoto.storyboard; sourceTree = "<group>"; };
		F6D2C8B12A7004A200F7D7EF /* TextField.swift */ = {isa = PBXFileReference; lastKnownFileType = sourcecode.swift; path = TextField.swift; sourceTree = "<group>"; };
		F6D2C8B52A70074A00F7D7EF /* TextMessageView.swift */ = {isa = PBXFileReference; lastKnownFileType = sourcecode.swift; path = TextMessageView.swift; sourceTree = "<group>"; };
		F6D2C8BD2A7023C900F7D7EF /* ShareViewController.swift */ = {isa = PBXFileReference; lastKnownFileType = sourcecode.swift; path = ShareViewController.swift; sourceTree = "<group>"; };
		F6D2C8C02A7023C900F7D7EF /* Base */ = {isa = PBXFileReference; lastKnownFileType = file.storyboard; name = Base; path = Base.lproj/MainInterface.storyboard; sourceTree = "<group>"; };
		F6D2C8C22A7023C900F7D7EF /* Info.plist */ = {isa = PBXFileReference; lastKnownFileType = text.plist.xml; path = Info.plist; sourceTree = "<group>"; };
		F6D2C8CA2A711AA200F7D7EF /* VoiceChat.storyboard */ = {isa = PBXFileReference; lastKnownFileType = file.storyboard; path = VoiceChat.storyboard; sourceTree = "<group>"; };
		F6D2C8CC2A711AB400F7D7EF /* VoiceChatViewController.swift */ = {isa = PBXFileReference; lastKnownFileType = sourcecode.swift; path = VoiceChatViewController.swift; sourceTree = "<group>"; };
		F6D2C8CF2A71203400F7D7EF /* LeftMessagesCell.xib */ = {isa = PBXFileReference; lastKnownFileType = file.xib; path = LeftMessagesCell.xib; sourceTree = "<group>"; };
		F6D2C8D12A71203C00F7D7EF /* RightMessagesCell.xib */ = {isa = PBXFileReference; lastKnownFileType = file.xib; path = RightMessagesCell.xib; sourceTree = "<group>"; };
		F6D2C8D42A71206D00F7D7EF /* LeftMessagesCell.swift */ = {isa = PBXFileReference; lastKnownFileType = sourcecode.swift; path = LeftMessagesCell.swift; sourceTree = "<group>"; };
		F6D2C8D62A71207C00F7D7EF /* RightMessegesCell.swift */ = {isa = PBXFileReference; lastKnownFileType = sourcecode.swift; path = RightMessegesCell.swift; sourceTree = "<group>"; };
		F6D2C8DA2A71268500F7D7EF /* MessagesModel.swift */ = {isa = PBXFileReference; lastKnownFileType = sourcecode.swift; path = MessagesModel.swift; sourceTree = "<group>"; };
		F6D5D9632A727BAF00A8053B /* CameraEditPhotoViewController.swift */ = {isa = PBXFileReference; lastKnownFileType = sourcecode.swift; path = CameraEditPhotoViewController.swift; sourceTree = "<group>"; };
		F6D5D9782A7534D100A8053B /* SectionMenuCell.xib */ = {isa = PBXFileReference; lastKnownFileType = file.xib; path = SectionMenuCell.xib; sourceTree = "<group>"; };
		F6D5D97A2A75352E00A8053B /* SectionMenuCell.swift */ = {isa = PBXFileReference; lastKnownFileType = sourcecode.swift; path = SectionMenuCell.swift; sourceTree = "<group>"; };
		F6D622F92A6FC9D800D24F16 /* HistoryViewController.swift */ = {isa = PBXFileReference; lastKnownFileType = sourcecode.swift; path = HistoryViewController.swift; sourceTree = "<group>"; };
		F6D622FB2A6FCC7000D24F16 /* HistoryEmptyTableViewCell.swift */ = {isa = PBXFileReference; lastKnownFileType = sourcecode.swift; path = HistoryEmptyTableViewCell.swift; sourceTree = "<group>"; };
		F6D622FE2A6FCC8600D24F16 /* HistoryFullTableViewCell.swift */ = {isa = PBXFileReference; lastKnownFileType = sourcecode.swift; path = HistoryFullTableViewCell.swift; sourceTree = "<group>"; };
		F6D623012A6FCC9700D24F16 /* HistoryEmptyCell.xib */ = {isa = PBXFileReference; lastKnownFileType = file.xib; path = HistoryEmptyCell.xib; sourceTree = "<group>"; };
		F6D623032A6FCCA400D24F16 /* HistoryFullCell.xib */ = {isa = PBXFileReference; lastKnownFileType = file.xib; path = HistoryFullCell.xib; sourceTree = "<group>"; };
		F6D623062A6FCEF500D24F16 /* HistoryEmptyModel.swift */ = {isa = PBXFileReference; lastKnownFileType = sourcecode.swift; path = HistoryEmptyModel.swift; sourceTree = "<group>"; };
		F6D623082A6FCF3600D24F16 /* BaseHistoryModel.swift */ = {isa = PBXFileReference; lastKnownFileType = sourcecode.swift; path = BaseHistoryModel.swift; sourceTree = "<group>"; };
		F6D6230C2A6FD4FE00D24F16 /* Offer30View.xib */ = {isa = PBXFileReference; lastKnownFileType = file.xib; path = Offer30View.xib; sourceTree = "<group>"; };
		F6D6230E2A6FD50600D24F16 /* Offer50View.xib */ = {isa = PBXFileReference; lastKnownFileType = file.xib; path = Offer50View.xib; sourceTree = "<group>"; };
		F6D623102A6FD51900D24F16 /* Offer30View.swift */ = {isa = PBXFileReference; lastKnownFileType = sourcecode.swift; path = Offer30View.swift; sourceTree = "<group>"; };
		F6D623122A6FD52300D24F16 /* Offer50View.swift */ = {isa = PBXFileReference; lastKnownFileType = sourcecode.swift; path = Offer50View.swift; sourceTree = "<group>"; };
		F6DDCBC82A6FF0B6007B51EE /* ClearChatView.xib */ = {isa = PBXFileReference; lastKnownFileType = file.xib; path = ClearChatView.xib; sourceTree = "<group>"; };
		F6DDCBCA2A6FF911007B51EE /* ClearChatView.swift */ = {isa = PBXFileReference; lastKnownFileType = sourcecode.swift; path = ClearChatView.swift; sourceTree = "<group>"; };
		F6DDCBCC2A6FFB76007B51EE /* ClearHistoryView.xib */ = {isa = PBXFileReference; lastKnownFileType = file.xib; path = ClearHistoryView.xib; sourceTree = "<group>"; };
		F6DDCBCE2A6FFB81007B51EE /* ClearHistoryView.swift */ = {isa = PBXFileReference; lastKnownFileType = sourcecode.swift; path = ClearHistoryView.swift; sourceTree = "<group>"; };
		F6DDCBD02A6FFBFF007B51EE /* TranslatorText.storyboard */ = {isa = PBXFileReference; lastKnownFileType = file.storyboard; path = TranslatorText.storyboard; sourceTree = "<group>"; };
		F6DDCBD22A6FFC18007B51EE /* TranslatorTextViewController.swift */ = {isa = PBXFileReference; lastKnownFileType = sourcecode.swift; path = TranslatorTextViewController.swift; sourceTree = "<group>"; };
		F6DE20B22A6E6A7F003F49F4 /* Translator.app */ = {isa = PBXFileReference; explicitFileType = wrapper.application; includeInIndex = 0; path = Translator.app; sourceTree = BUILT_PRODUCTS_DIR; };
		F6DE20B52A6E6A7F003F49F4 /* AppDelegate.swift */ = {isa = PBXFileReference; lastKnownFileType = sourcecode.swift; path = AppDelegate.swift; sourceTree = "<group>"; };
		F6DE20B72A6E6A7F003F49F4 /* SceneDelegate.swift */ = {isa = PBXFileReference; lastKnownFileType = sourcecode.swift; path = SceneDelegate.swift; sourceTree = "<group>"; };
		F6DE20BC2A6E6A7F003F49F4 /* Base */ = {isa = PBXFileReference; lastKnownFileType = file.storyboard; name = Base; path = Base.lproj/MainTranslator.storyboard; sourceTree = "<group>"; };
		F6DE20BE2A6E6A80003F49F4 /* Assets.xcassets */ = {isa = PBXFileReference; lastKnownFileType = folder.assetcatalog; path = Assets.xcassets; sourceTree = "<group>"; };
		F6DE20C12A6E6A80003F49F4 /* Base */ = {isa = PBXFileReference; lastKnownFileType = file.storyboard; name = Base; path = Base.lproj/LaunchScreen.storyboard; sourceTree = "<group>"; };
		F6DE20C32A6E6A80003F49F4 /* Info.plist */ = {isa = PBXFileReference; lastKnownFileType = text.plist.xml; path = Info.plist; sourceTree = "<group>"; };
		F6DE20C82A6E6A80003F49F4 /* TranslatorTests.xctest */ = {isa = PBXFileReference; explicitFileType = wrapper.cfbundle; includeInIndex = 0; path = TranslatorTests.xctest; sourceTree = BUILT_PRODUCTS_DIR; };
		F6DE20CC2A6E6A80003F49F4 /* TranslatorTests.swift */ = {isa = PBXFileReference; lastKnownFileType = sourcecode.swift; path = TranslatorTests.swift; sourceTree = "<group>"; };
		F6DE20D22A6E6A80003F49F4 /* TranslatorUITests.xctest */ = {isa = PBXFileReference; explicitFileType = wrapper.cfbundle; includeInIndex = 0; path = TranslatorUITests.xctest; sourceTree = BUILT_PRODUCTS_DIR; };
		F6DE20D62A6E6A80003F49F4 /* TranslatorUITests.swift */ = {isa = PBXFileReference; lastKnownFileType = sourcecode.swift; path = TranslatorUITests.swift; sourceTree = "<group>"; };
		F6DE20D82A6E6A80003F49F4 /* TranslatorUITestsLaunchTests.swift */ = {isa = PBXFileReference; lastKnownFileType = sourcecode.swift; path = TranslatorUITestsLaunchTests.swift; sourceTree = "<group>"; };
		F6DE20EA2A6E6CFE003F49F4 /* SplashScreen.storyboard */ = {isa = PBXFileReference; lastKnownFileType = file.storyboard; path = SplashScreen.storyboard; sourceTree = "<group>"; };
		F6DE20EC2A6E6DD2003F49F4 /* SplashScreenViewController.swift */ = {isa = PBXFileReference; lastKnownFileType = sourcecode.swift; path = SplashScreenViewController.swift; sourceTree = "<group>"; };
		F6DE20EF2A6E7273003F49F4 /* Sriracha-Regular.ttf */ = {isa = PBXFileReference; lastKnownFileType = file; path = "Sriracha-Regular.ttf"; sourceTree = "<group>"; };
		F6DE20F12A6E72DE003F49F4 /* FixelText-Light.ttf */ = {isa = PBXFileReference; lastKnownFileType = file; path = "FixelText-Light.ttf"; sourceTree = "<group>"; };
		F6DE20F22A6E72DE003F49F4 /* FixelText-ExtraLight.ttf */ = {isa = PBXFileReference; lastKnownFileType = file; path = "FixelText-ExtraLight.ttf"; sourceTree = "<group>"; };
		F6DE20F32A6E72DE003F49F4 /* FixelText-SemiBold.ttf */ = {isa = PBXFileReference; lastKnownFileType = file; path = "FixelText-SemiBold.ttf"; sourceTree = "<group>"; };
		F6DE20F42A6E72DE003F49F4 /* FixelText-Black.ttf */ = {isa = PBXFileReference; lastKnownFileType = file; path = "FixelText-Black.ttf"; sourceTree = "<group>"; };
		F6DE20F52A6E72DF003F49F4 /* FixelText-Regular.ttf */ = {isa = PBXFileReference; lastKnownFileType = file; path = "FixelText-Regular.ttf"; sourceTree = "<group>"; };
		F6DE20F62A6E72DF003F49F4 /* FixelText-Bold.ttf */ = {isa = PBXFileReference; lastKnownFileType = file; path = "FixelText-Bold.ttf"; sourceTree = "<group>"; };
		F6DE20F72A6E72DF003F49F4 /* FixelText-Thin.ttf */ = {isa = PBXFileReference; lastKnownFileType = file; path = "FixelText-Thin.ttf"; sourceTree = "<group>"; };
		F6DE20F82A6E72DF003F49F4 /* FixelText-Medium.ttf */ = {isa = PBXFileReference; lastKnownFileType = file; path = "FixelText-Medium.ttf"; sourceTree = "<group>"; };
		F6DE21532A6E7B43003F49F4 /* UIView+rotation.swift */ = {isa = PBXFileReference; lastKnownFileType = sourcecode.swift; path = "UIView+rotation.swift"; sourceTree = "<group>"; };
		F6DE21552A6E7C49003F49F4 /* Premium.storyboard */ = {isa = PBXFileReference; lastKnownFileType = file.storyboard; path = Premium.storyboard; sourceTree = "<group>"; };
		F6DE21582A6E7CBD003F49F4 /* PremiumViewController.swift */ = {isa = PBXFileReference; lastKnownFileType = sourcecode.swift; path = PremiumViewController.swift; sourceTree = "<group>"; };
/* End PBXFileReference section */

/* Begin PBXFrameworksBuildPhase section */
		F6DE20AF2A6E6A7F003F49F4 /* Frameworks */ = {
			isa = PBXFrameworksBuildPhase;
			buildActionMask = 2147483647;
			files = (
				F61E496F2A7AAF2C00D1EA49 /* IHProgressHUD in Frameworks */,
				F625F6E82A78FA2D0040F1A3 /* Switches in Frameworks */,
				F60A5A702A6FDFD200E04862 /* SwiftEntryKit in Frameworks */,
				11203A5E2A7BBE8700452843 /* Swinject in Frameworks */,
				EC560B2B8FA86727D86AD288 /* Pods_Translator.framework in Frameworks */,
			);
			runOnlyForDeploymentPostprocessing = 0;
		};
		F6DE20C52A6E6A80003F49F4 /* Frameworks */ = {
			isa = PBXFrameworksBuildPhase;
			buildActionMask = 2147483647;
			files = (
				0942B54579760268082BFEF9 /* Pods_TranslatorTests.framework in Frameworks */,
			);
			runOnlyForDeploymentPostprocessing = 0;
		};
		F6DE20CF2A6E6A80003F49F4 /* Frameworks */ = {
			isa = PBXFrameworksBuildPhase;
			buildActionMask = 2147483647;
			files = (
				BDACE054AB7F8597976A68D1 /* Pods_Translator_TranslatorUITests.framework in Frameworks */,
			);
			runOnlyForDeploymentPostprocessing = 0;
		};
/* End PBXFrameworksBuildPhase section */

/* Begin PBXGroup section */
		11203A582A7AABB900452843 /* Managers */ = {
			isa = PBXGroup;
			children = (
				11203A5F2A7D053000452843 /* LanguageManager.swift */,
			);
			path = Managers;
			sourceTree = "<group>";
		};
		11203A5B2A7AAD6800452843 /* Repositories */ = {
			isa = PBXGroup;
			children = (
				11203A592A7AABE100452843 /* CountryRepository.swift */,
			);
			path = Repositories;
			sourceTree = "<group>";
		};
		11203A612A7D060100452843 /* Storages */ = {
			isa = PBXGroup;
			children = (
				11203A622A7D060600452843 /* UserDefaultsStorage.swift */,
			);
			path = Storages;
			sourceTree = "<group>";
		};
		23F0B90C2FE0B0CD8F5B3CC5 /* Frameworks */ = {
			isa = PBXGroup;
			children = (
				15D230D4831FBE8007CCA162 /* Pods_Translator.framework */,
				EB4658282A8B14DCEEBBD108 /* Pods_Translator_TranslatorUITests.framework */,
				83C17975E857912BED351A51 /* Pods_TranslatorTests.framework */,
			);
			name = Frameworks;
			sourceTree = "<group>";
		};
		C303ED007F7873802BB0EF2B /* Pods */ = {
			isa = PBXGroup;
			children = (
				BA72D7335C468B1D83F39489 /* Pods-Translator.debug.xcconfig */,
				B1CC80825767ED19491A6F2E /* Pods-Translator.release.xcconfig */,
				CBEBA4B1A1F81FC57FE50A17 /* Pods-Translator-TranslatorUITests.debug.xcconfig */,
				D01A70DA097BB24F3B62C063 /* Pods-Translator-TranslatorUITests.release.xcconfig */,
				57C2C79C259450A96A23ADDD /* Pods-TranslatorTests.debug.xcconfig */,
				CAA51D7F3A05179E3CC73F7E /* Pods-TranslatorTests.release.xcconfig */,
			);
			path = Pods;
			sourceTree = "<group>";
		};
		F625F6B02A76B2BC0040F1A3 /* Fabrics */ = {
			isa = PBXGroup;
			children = (
				F625F6B12A76B2DA0040F1A3 /* StoryboardFabric.swift */,
			);
			path = Fabrics;
			sourceTree = "<group>";
		};
		F625F6B32A76B3280040F1A3 /* iPad */ = {
			isa = PBXGroup;
			children = (
				F625F6B42A76B3440040F1A3 /* MainTranslator-ipad.storyboard */,
				F625F6B92A76B71D0040F1A3 /* SplashScreen-ipad.storyboard */,
				F625F6BB2A76B7710040F1A3 /* Premium-ipad.storyboard */,
				F625F6C12A779E240040F1A3 /* History-ipad.storyboard */,
				F625F6C72A77A1A80040F1A3 /* TranslatorText-ipad.storyboard */,
				F625F6D12A77B7310040F1A3 /* VoiceChat-ipad.storyboard */,
				F625F6D32A77B7DB0040F1A3 /* SelectionCountry-ipad.storyboard */,
				F625F6DA2A77B9270040F1A3 /* CameraTranslator-ipad.storyboard */,
				F625F6DC2A77B9330040F1A3 /* CameraEditPhoto-ipad.storyboard */,
			);
			path = iPad;
			sourceTree = "<group>";
		};
		F625F6B62A76B4FE0040F1A3 /* iPad */ = {
			isa = PBXGroup;
			children = (
				F625F6B72A76B5470040F1A3 /* MainTranslatorCell-ipad.xib */,
				F625F6BD2A76BF3E0040F1A3 /* MenuItemsCell-ipad.xib */,
				F625F6BF2A76C0550040F1A3 /* PremiumImageCell-ipad.xib */,
				F625F6C32A779FFD0040F1A3 /* HistoryEmptyCell-ipad.xib */,
				F625F6C52A77A0B50040F1A3 /* HistoryFullCell-ipad.xib */,
				F625F6CB2A77B46C0040F1A3 /* EmptyChatCell-ipad.xib */,
				F625F6CD2A77B4AB0040F1A3 /* LeftMessagesCell-ipad.xib */,
				F625F6CF2A77B4B30040F1A3 /* RightMessagesCell-ipad.xib */,
				F625F6D52A77B83B0040F1A3 /* SectionCountryCell-ipad.xib */,
				F625F6DE2A77C4F00040F1A3 /* SectionMenuCell-ipad.xib */,
			);
			path = iPad;
			sourceTree = "<group>";
		};
		F625F6E02A77D9590040F1A3 /* iPad */ = {
			isa = PBXGroup;
			children = (
				F625F6E12A77D9830040F1A3 /* SelectionCountryHeaderView-ipad.xib */,
			);
			path = iPad;
			sourceTree = "<group>";
		};
		F625F6E32A77DBD60040F1A3 /* iPad */ = {
			isa = PBXGroup;
			children = (
				F625F6E42A77DBE00040F1A3 /* ClearChatView-ipad.xib */,
			);
			path = iPad;
			sourceTree = "<group>";
		};
		F62893572A6E998700B7A36C /* Models */ = {
			isa = PBXGroup;
			children = (
				F68C370E2A71507D00AD0A1F /* CountrySelection */,
				F6D623052A6FCEE200D24F16 /* HistoryClasses */,
				F62893762A6EC38300B7A36C /* Enums */,
				F62893712A6EC28100B7A36C /* DrawerMenuOptions */,
				F62893582A6E999C00B7A36C /* MainTranslatorModelCell.swift */,
				F6D2C8DA2A71268500F7D7EF /* MessagesModel.swift */,
			);
			path = Models;
			sourceTree = "<group>";
		};
		F628935A2A6EBA1600B7A36C /* DrawerMenu */ = {
			isa = PBXGroup;
			children = (
				F62893632A6EBC4F00B7A36C /* DrawerMenuController */,
				F628935B2A6EBB5F00B7A36C /* DrawerPresentationController */,
				F628935E2A6EBBBA00B7A36C /* SlideAnimation */,
				F62893612A6EBC2700B7A36C /* DrawerTransitionManager.swift */,
			);
			path = DrawerMenu;
			sourceTree = "<group>";
		};
		F628935B2A6EBB5F00B7A36C /* DrawerPresentationController */ = {
			isa = PBXGroup;
			children = (
				F628935C2A6EBB9100B7A36C /* DrawerPresentationController.swift */,
			);
			path = DrawerPresentationController;
			sourceTree = "<group>";
		};
		F628935E2A6EBBBA00B7A36C /* SlideAnimation */ = {
			isa = PBXGroup;
			children = (
				F628935F2A6EBBD900B7A36C /* DrawerSlideAnimation.swift */,
			);
			path = SlideAnimation;
			sourceTree = "<group>";
		};
		F62893632A6EBC4F00B7A36C /* DrawerMenuController */ = {
			isa = PBXGroup;
			children = (
				F62893642A6EBCAD00B7A36C /* DrawerMenuViewController.swift */,
			);
			path = DrawerMenuController;
			sourceTree = "<group>";
		};
		F62893672A6EBDF900B7A36C /* DrawerMenuCells */ = {
			isa = PBXGroup;
			children = (
				F62893682A6EBE1000B7A36C /* PremiumImageCell.xib */,
				F628936A2A6EBE2100B7A36C /* MenuItemsCell.xib */,
			);
			path = DrawerMenuCells;
			sourceTree = "<group>";
		};
		F628936C2A6EBFF100B7A36C /* DrawerMenuCells */ = {
			isa = PBXGroup;
			children = (
				F628936D2A6EC02000B7A36C /* PremiumImageCell.swift */,
				F628936F2A6EC12800B7A36C /* MenuItemsCell.swift */,
			);
			path = DrawerMenuCells;
			sourceTree = "<group>";
		};
		F62893712A6EC28100B7A36C /* DrawerMenuOptions */ = {
			isa = PBXGroup;
			children = (
				F62893742A6EC29D00B7A36C /* MenuItemsModel.swift */,
			);
			path = DrawerMenuOptions;
			sourceTree = "<group>";
		};
		F62893762A6EC38300B7A36C /* Enums */ = {
			isa = PBXGroup;
			children = (
				F62893772A6EC38E00B7A36C /* DrawerMenuCellType.swift */,
			);
			path = Enums;
			sourceTree = "<group>";
		};
		F68C370E2A71507D00AD0A1F /* CountrySelection */ = {
			isa = PBXGroup;
			children = (
				F68C370B2A714F5500AD0A1F /* SelectionCountryModel.swift */,
				F68C370F2A71509800AD0A1F /* SectionModel.swift */,
			);
			path = CountrySelection;
			sourceTree = "<group>";
		};
		F68C37112A71515000AD0A1F /* HeaderFooters */ = {
			isa = PBXGroup;
			children = (
				F625F6E02A77D9590040F1A3 /* iPad */,
				F68C37122A71517A00AD0A1F /* SelectionCountryHeaderView.xib */,
			);
			path = HeaderFooters;
			sourceTree = "<group>";
		};
		F68C37142A71520B00AD0A1F /* HeaderFooters */ = {
			isa = PBXGroup;
			children = (
				F68C37152A71522F00AD0A1F /* SelectionCountryHeaderView.swift */,
			);
			path = HeaderFooters;
			sourceTree = "<group>";
		};
		F6B170452A6E9376002A7BD2 /* ViewContollerCells */ = {
			isa = PBXGroup;
			children = (
				F6D2C8D32A71204B00F7D7EF /* MessagesChat */,
				F6D622FD2A6FCC7500D24F16 /* HistoryCells */,
				F628936C2A6EBFF100B7A36C /* DrawerMenuCells */,
				F68C37092A7148A100AD0A1F /* SectionCountryCell.swift */,
				F6D5D97A2A75352E00A8053B /* SectionMenuCell.swift */,
				F6B170462A6E93B2002A7BD2 /* MainTranslatorCell.swift */,
			);
			path = ViewContollerCells;
			sourceTree = "<group>";
		};
		F6B170492A6E93DD002A7BD2 /* Cells */ = {
			isa = PBXGroup;
			children = (
				F625F6B62A76B4FE0040F1A3 /* iPad */,
				F6D2C8CE2A71202600F7D7EF /* MessagesChat */,
				F6D623002A6FCC8C00D24F16 /* HistoryCells */,
				F62893672A6EBDF900B7A36C /* DrawerMenuCells */,
				F68C37072A71438100AD0A1F /* SectionCountryCell.xib */,
				F6D5D9782A7534D100A8053B /* SectionMenuCell.xib */,
				F6B1704A2A6E93EC002A7BD2 /* MainTranslatorCell.xib */,
			);
			path = Cells;
			sourceTree = "<group>";
		};
		F6D2C8B02A70049700F7D7EF /* ViewTextField */ = {
			isa = PBXGroup;
			children = (
				F6D2C8B12A7004A200F7D7EF /* TextField.swift */,
				F6D2C8B52A70074A00F7D7EF /* TextMessageView.swift */,
			);
			path = ViewTextField;
			sourceTree = "<group>";
		};
		F6D2C8BC2A7023C900F7D7EF /* ShareExtention */ = {
			isa = PBXGroup;
			children = (
				F6D2C8BD2A7023C900F7D7EF /* ShareViewController.swift */,
				F6D2C8BF2A7023C900F7D7EF /* MainInterface.storyboard */,
				F6D2C8C22A7023C900F7D7EF /* Info.plist */,
			);
			path = ShareExtention;
			sourceTree = "<group>";
		};
		F6D2C8CE2A71202600F7D7EF /* MessagesChat */ = {
			isa = PBXGroup;
			children = (
				F6D2C8CF2A71203400F7D7EF /* LeftMessagesCell.xib */,
				F6D2C8D12A71203C00F7D7EF /* RightMessagesCell.xib */,
				F68C36FF2A71328500AD0A1F /* EmptyChatCell.xib */,
			);
			path = MessagesChat;
			sourceTree = "<group>";
		};
		F6D2C8D32A71204B00F7D7EF /* MessagesChat */ = {
			isa = PBXGroup;
			children = (
				F6D2C8D42A71206D00F7D7EF /* LeftMessagesCell.swift */,
				F6D2C8D62A71207C00F7D7EF /* RightMessegesCell.swift */,
				F68C37012A71329300AD0A1F /* EmptyChatCell.swift */,
			);
			path = MessagesChat;
			sourceTree = "<group>";
		};
		F6D622FD2A6FCC7500D24F16 /* HistoryCells */ = {
			isa = PBXGroup;
			children = (
				F6D622FB2A6FCC7000D24F16 /* HistoryEmptyTableViewCell.swift */,
				F6D622FE2A6FCC8600D24F16 /* HistoryFullTableViewCell.swift */,
			);
			path = HistoryCells;
			sourceTree = "<group>";
		};
		F6D623002A6FCC8C00D24F16 /* HistoryCells */ = {
			isa = PBXGroup;
			children = (
				F6D623012A6FCC9700D24F16 /* HistoryEmptyCell.xib */,
				F6D623032A6FCCA400D24F16 /* HistoryFullCell.xib */,
			);
			path = HistoryCells;
			sourceTree = "<group>";
		};
		F6D623052A6FCEE200D24F16 /* HistoryClasses */ = {
			isa = PBXGroup;
			children = (
				F61F296A2A7BBAFF00431C03 /* HistoryFullModel.swift */,
				F6D623062A6FCEF500D24F16 /* HistoryEmptyModel.swift */,
				F6D623082A6FCF3600D24F16 /* BaseHistoryModel.swift */,
			);
			path = HistoryClasses;
			sourceTree = "<group>";
		};
		F6D6230A2A6FD4A100D24F16 /* Views */ = {
			isa = PBXGroup;
			children = (
				F625F6E32A77DBD60040F1A3 /* iPad */,
				F6D6230C2A6FD4FE00D24F16 /* Offer30View.xib */,
				F6D6230E2A6FD50600D24F16 /* Offer50View.xib */,
				F6DDCBC82A6FF0B6007B51EE /* ClearChatView.xib */,
				F6DDCBCC2A6FFB76007B51EE /* ClearHistoryView.xib */,
				F61E49702A7AB70600D1EA49 /* GoogleMic.xib */,
			);
			path = Views;
			sourceTree = "<group>";
		};
		F6D6230B2A6FD4D200D24F16 /* CustomViewAlerts */ = {
			isa = PBXGroup;
			children = (
				F6D623102A6FD51900D24F16 /* Offer30View.swift */,
				F6D623122A6FD52300D24F16 /* Offer50View.swift */,
				F6DDCBCA2A6FF911007B51EE /* ClearChatView.swift */,
				F6DDCBCE2A6FFB81007B51EE /* ClearHistoryView.swift */,
			);
			path = CustomViewAlerts;
			sourceTree = "<group>";
		};
		F6DE20A92A6E6A7F003F49F4 = {
			isa = PBXGroup;
			children = (
				F6DE20B42A6E6A7F003F49F4 /* Translator */,
				F6DE20CB2A6E6A80003F49F4 /* TranslatorTests */,
				F6DE20D52A6E6A80003F49F4 /* TranslatorUITests */,
				F6D2C8BC2A7023C900F7D7EF /* ShareExtention */,
				F6DE20B32A6E6A7F003F49F4 /* Products */,
				C303ED007F7873802BB0EF2B /* Pods */,
				23F0B90C2FE0B0CD8F5B3CC5 /* Frameworks */,
			);
			sourceTree = "<group>";
		};
		F6DE20B32A6E6A7F003F49F4 /* Products */ = {
			isa = PBXGroup;
			children = (
				F6DE20B22A6E6A7F003F49F4 /* Translator.app */,
				F6DE20C82A6E6A80003F49F4 /* TranslatorTests.xctest */,
				F6DE20D22A6E6A80003F49F4 /* TranslatorUITests.xctest */,
			);
			name = Products;
			sourceTree = "<group>";
		};
		F6DE20B42A6E6A7F003F49F4 /* Translator */ = {
			isa = PBXGroup;
			children = (
				F6D2C8B02A70049700F7D7EF /* ViewTextField */,
				F6DE20C32A6E6A80003F49F4 /* Info.plist */,
				F6DE20E72A6E6B14003F49F4 /* Classes */,
				F6DE20E52A6E6AFB003F49F4 /* Resources */,
				F6DE20BE2A6E6A80003F49F4 /* Assets.xcassets */,
			);
			path = Translator;
			sourceTree = "<group>";
		};
		F6DE20CB2A6E6A80003F49F4 /* TranslatorTests */ = {
			isa = PBXGroup;
			children = (
				F6DE20CC2A6E6A80003F49F4 /* TranslatorTests.swift */,
			);
			path = TranslatorTests;
			sourceTree = "<group>";
		};
		F6DE20D52A6E6A80003F49F4 /* TranslatorUITests */ = {
			isa = PBXGroup;
			children = (
				F6DE20D62A6E6A80003F49F4 /* TranslatorUITests.swift */,
				F6DE20D82A6E6A80003F49F4 /* TranslatorUITestsLaunchTests.swift */,
			);
			path = TranslatorUITests;
			sourceTree = "<group>";
		};
		F6DE20E52A6E6AFB003F49F4 /* Resources */ = {
			isa = PBXGroup;
			children = (
				F6D6230A2A6FD4A100D24F16 /* Views */,
				F6B170492A6E93DD002A7BD2 /* Cells */,
				F68C37112A71515000AD0A1F /* HeaderFooters */,
				F6DE20E62A6E6B06003F49F4 /* Storyboards */,
				F6DE20B52A6E6A7F003F49F4 /* AppDelegate.swift */,
				F6DE20B72A6E6A7F003F49F4 /* SceneDelegate.swift */,
				F6DE20C02A6E6A80003F49F4 /* LaunchScreen.storyboard */,
				F6DE20EE2A6E7259003F49F4 /* Fonts */,
			);
			path = Resources;
			sourceTree = "<group>";
		};
		F6DE20E62A6E6B06003F49F4 /* Storyboards */ = {
			isa = PBXGroup;
			children = (
				F625F6B32A76B3280040F1A3 /* iPad */,
				F6DE20BB2A6E6A7F003F49F4 /* MainTranslator.storyboard */,
				F6DE20EA2A6E6CFE003F49F4 /* SplashScreen.storyboard */,
				F6DE21552A6E7C49003F49F4 /* Premium.storyboard */,
				F62893862A6FC53D00B7A36C /* History.storyboard */,
				F6DDCBD02A6FFBFF007B51EE /* TranslatorText.storyboard */,
				F6D2C8CA2A711AA200F7D7EF /* VoiceChat.storyboard */,
				F68C37032A71393C00AD0A1F /* SelectionCountry.storyboard */,
				F6BE51632A725EC900625E62 /* CameraTranslator.storyboard */,
				F6CFB9762A7279A10058246B /* CameraEditPhoto.storyboard */,
			);
			path = Storyboards;
			sourceTree = "<group>";
		};
		F6DE20E72A6E6B14003F49F4 /* Classes */ = {
			isa = PBXGroup;
			children = (
				11203A612A7D060100452843 /* Storages */,
				11203A5B2A7AAD6800452843 /* Repositories */,
				11203A582A7AABB900452843 /* Managers */,
				F625F6B02A76B2BC0040F1A3 /* Fabrics */,
				F68C37142A71520B00AD0A1F /* HeaderFooters */,
				F6D6230B2A6FD4D200D24F16 /* CustomViewAlerts */,
				F6DE21522A6E7B3F003F49F4 /* Helpers */,
				F628935A2A6EBA1600B7A36C /* DrawerMenu */,
				F62893572A6E998700B7A36C /* Models */,
				F6B170452A6E9376002A7BD2 /* ViewContollerCells */,
				F6DE20E82A6E6B1B003F49F4 /* ViewControllers */,
			);
			path = Classes;
			sourceTree = "<group>";
		};
		F6DE20E82A6E6B1B003F49F4 /* ViewControllers */ = {
			isa = PBXGroup;
			children = (
				F6C0D30C2A6E92CC00418837 /* MainTranslatoreViewController.swift */,
				F6DE21582A6E7CBD003F49F4 /* PremiumViewController.swift */,
				F6DE20EC2A6E6DD2003F49F4 /* SplashScreenViewController.swift */,
				F6D622F92A6FC9D800D24F16 /* HistoryViewController.swift */,
				F6DDCBD22A6FFC18007B51EE /* TranslatorTextViewController.swift */,
				F6D2C8CC2A711AB400F7D7EF /* VoiceChatViewController.swift */,
				F68C37052A713A3100AD0A1F /* SelectionCountryViewController.swift */,
				F6BE51652A72625B00625E62 /* CameraTranslatorViewController.swift */,
				F6D5D9632A727BAF00A8053B /* CameraEditPhotoViewController.swift */,
			);
			path = ViewControllers;
			sourceTree = "<group>";
		};
		F6DE20EE2A6E7259003F49F4 /* Fonts */ = {
			isa = PBXGroup;
			children = (
				F6DE20F42A6E72DE003F49F4 /* FixelText-Black.ttf */,
				F6DE20F62A6E72DF003F49F4 /* FixelText-Bold.ttf */,
				F6DE20F22A6E72DE003F49F4 /* FixelText-ExtraLight.ttf */,
				F6DE20F12A6E72DE003F49F4 /* FixelText-Light.ttf */,
				F6DE20F82A6E72DF003F49F4 /* FixelText-Medium.ttf */,
				F6DE20F52A6E72DF003F49F4 /* FixelText-Regular.ttf */,
				F6DE20F32A6E72DE003F49F4 /* FixelText-SemiBold.ttf */,
				F6DE20F72A6E72DF003F49F4 /* FixelText-Thin.ttf */,
				F6DE20EF2A6E7273003F49F4 /* Sriracha-Regular.ttf */,
			);
			path = Fonts;
			sourceTree = "<group>";
		};
		F6DE21522A6E7B3F003F49F4 /* Helpers */ = {
			isa = PBXGroup;
			children = (
				F6DE21532A6E7B43003F49F4 /* UIView+rotation.swift */,
			);
			path = Helpers;
			sourceTree = "<group>";
		};
/* End PBXGroup section */

/* Begin PBXNativeTarget section */
		F6DE20B12A6E6A7F003F49F4 /* Translator */ = {
			isa = PBXNativeTarget;
			buildConfigurationList = F6DE20DC2A6E6A80003F49F4 /* Build configuration list for PBXNativeTarget "Translator" */;
			buildPhases = (
				651B832F1718699A4C4C4C41 /* [CP] Check Pods Manifest.lock */,
				F6DE20AE2A6E6A7F003F49F4 /* Sources */,
				F6DE20AF2A6E6A7F003F49F4 /* Frameworks */,
				F6DE20B02A6E6A7F003F49F4 /* Resources */,
				F6D2C8C92A7023C900F7D7EF /* Embed Foundation Extensions */,
				1A95B99030F5B6F56C8EE3D1 /* [CP] Embed Pods Frameworks */,
				42E67D95005988FE6EB42208 /* [CP] Copy Pods Resources */,
			);
			buildRules = (
			);
			dependencies = (
			);
			name = Translator;
			packageProductDependencies = (
				F60A5A6F2A6FDFD200E04862 /* SwiftEntryKit */,
				F625F6E72A78FA2D0040F1A3 /* Switches */,
				F61E496E2A7AAF2C00D1EA49 /* IHProgressHUD */,
				11203A5D2A7BBE8700452843 /* Swinject */,
			);
			productName = Translator;
			productReference = F6DE20B22A6E6A7F003F49F4 /* Translator.app */;
			productType = "com.apple.product-type.application";
		};
		F6DE20C72A6E6A80003F49F4 /* TranslatorTests */ = {
			isa = PBXNativeTarget;
			buildConfigurationList = F6DE20DF2A6E6A80003F49F4 /* Build configuration list for PBXNativeTarget "TranslatorTests" */;
			buildPhases = (
				9D3E2E68DDB94C884D217936 /* [CP] Check Pods Manifest.lock */,
				F6DE20C42A6E6A80003F49F4 /* Sources */,
				F6DE20C52A6E6A80003F49F4 /* Frameworks */,
				F6DE20C62A6E6A80003F49F4 /* Resources */,
			);
			buildRules = (
			);
			dependencies = (
				F6DE20CA2A6E6A80003F49F4 /* PBXTargetDependency */,
			);
			name = TranslatorTests;
			productName = TranslatorTests;
			productReference = F6DE20C82A6E6A80003F49F4 /* TranslatorTests.xctest */;
			productType = "com.apple.product-type.bundle.unit-test";
		};
		F6DE20D12A6E6A80003F49F4 /* TranslatorUITests */ = {
			isa = PBXNativeTarget;
			buildConfigurationList = F6DE20E22A6E6A80003F49F4 /* Build configuration list for PBXNativeTarget "TranslatorUITests" */;
			buildPhases = (
				FC8DB61A227CBE04FC016A0D /* [CP] Check Pods Manifest.lock */,
				F6DE20CE2A6E6A80003F49F4 /* Sources */,
				F6DE20CF2A6E6A80003F49F4 /* Frameworks */,
				F6DE20D02A6E6A80003F49F4 /* Resources */,
				A879C9B70AC0F5168EDBC166 /* [CP] Embed Pods Frameworks */,
				9B97BEC57E876F0199898CBB /* [CP] Copy Pods Resources */,
			);
			buildRules = (
			);
			dependencies = (
				F6DE20D42A6E6A80003F49F4 /* PBXTargetDependency */,
			);
			name = TranslatorUITests;
			productName = TranslatorUITests;
			productReference = F6DE20D22A6E6A80003F49F4 /* TranslatorUITests.xctest */;
			productType = "com.apple.product-type.bundle.ui-testing";
		};
/* End PBXNativeTarget section */

/* Begin PBXProject section */
		F6DE20AA2A6E6A7F003F49F4 /* Project object */ = {
			isa = PBXProject;
			attributes = {
				BuildIndependentTargetsInParallel = 1;
				LastSwiftUpdateCheck = 1430;
				LastUpgradeCheck = 1430;
				TargetAttributes = {
					F6DE20B12A6E6A7F003F49F4 = {
						CreatedOnToolsVersion = 14.3;
					};
					F6DE20C72A6E6A80003F49F4 = {
						CreatedOnToolsVersion = 14.3;
						TestTargetID = F6DE20B12A6E6A7F003F49F4;
					};
					F6DE20D12A6E6A80003F49F4 = {
						CreatedOnToolsVersion = 14.3;
						TestTargetID = F6DE20B12A6E6A7F003F49F4;
					};
				};
			};
			buildConfigurationList = F6DE20AD2A6E6A7F003F49F4 /* Build configuration list for PBXProject "Translator" */;
			compatibilityVersion = "Xcode 14.0";
			developmentRegion = en;
			hasScannedForEncodings = 0;
			knownRegions = (
				en,
				Base,
			);
			mainGroup = F6DE20A92A6E6A7F003F49F4;
			packageReferences = (
				F60A5A6E2A6FDFD200E04862 /* XCRemoteSwiftPackageReference "SwiftEntryKit" */,
				F625F6E62A78FA2D0040F1A3 /* XCRemoteSwiftPackageReference "Switch-Animations" */,
				F61E496D2A7AAF2C00D1EA49 /* XCRemoteSwiftPackageReference "IHProgressHUD" */,
				11203A5C2A7BBE8700452843 /* XCRemoteSwiftPackageReference "Swinject" */,
			);
			productRefGroup = F6DE20B32A6E6A7F003F49F4 /* Products */;
			projectDirPath = "";
			projectRoot = "";
			targets = (
				F6DE20B12A6E6A7F003F49F4 /* Translator */,
				F6DE20C72A6E6A80003F49F4 /* TranslatorTests */,
				F6DE20D12A6E6A80003F49F4 /* TranslatorUITests */,
			);
		};
/* End PBXProject section */

/* Begin PBXResourcesBuildPhase section */
		F6DE20B02A6E6A7F003F49F4 /* Resources */ = {
			isa = PBXResourcesBuildPhase;
			buildActionMask = 2147483647;
			files = (
				F628936B2A6EBE2100B7A36C /* MenuItemsCell.xib in Resources */,
				F625F6C42A779FFD0040F1A3 /* HistoryEmptyCell-ipad.xib in Resources */,
				F68C37082A71438100AD0A1F /* SectionCountryCell.xib in Resources */,
				F6BE51642A725EC900625E62 /* CameraTranslator.storyboard in Resources */,
				F6DDCBCD2A6FFB76007B51EE /* ClearHistoryView.xib in Resources */,
				F625F6B82A76B5470040F1A3 /* MainTranslatorCell-ipad.xib in Resources */,
				F6D2C8D02A71203400F7D7EF /* LeftMessagesCell.xib in Resources */,
				F6DE20EB2A6E6CFE003F49F4 /* SplashScreen.storyboard in Resources */,
				F625F6CE2A77B4AB0040F1A3 /* LeftMessagesCell-ipad.xib in Resources */,
				F6D6230D2A6FD4FE00D24F16 /* Offer30View.xib in Resources */,
				F6DDCBD12A6FFBFF007B51EE /* TranslatorText.storyboard in Resources */,
				F625F6BE2A76BF3E0040F1A3 /* MenuItemsCell-ipad.xib in Resources */,
				F6D6230F2A6FD50600D24F16 /* Offer50View.xib in Resources */,
				F625F6D22A77B7310040F1A3 /* VoiceChat-ipad.storyboard in Resources */,
				F6DE21272A6E72DF003F49F4 /* FixelText-Bold.ttf in Resources */,
				F625F6BA2A76B71D0040F1A3 /* SplashScreen-ipad.storyboard in Resources */,
				F6D623022A6FCC9700D24F16 /* HistoryEmptyCell.xib in Resources */,
				F6DE20C22A6E6A80003F49F4 /* LaunchScreen.storyboard in Resources */,
				F6D623042A6FCCA400D24F16 /* HistoryFullCell.xib in Resources */,
				F625F6C62A77A0B50040F1A3 /* HistoryFullCell-ipad.xib in Resources */,
				F6DE20BF2A6E6A80003F49F4 /* Assets.xcassets in Resources */,
				F6B1704B2A6E93EC002A7BD2 /* MainTranslatorCell.xib in Resources */,
				F625F6DB2A77B9270040F1A3 /* CameraTranslator-ipad.storyboard in Resources */,
				F6DE21242A6E72DF003F49F4 /* FixelText-SemiBold.ttf in Resources */,
				F6DE20BD2A6E6A7F003F49F4 /* MainTranslator.storyboard in Resources */,
				F62893692A6EBE1000B7A36C /* PremiumImageCell.xib in Resources */,
				F625F6C02A76C0550040F1A3 /* PremiumImageCell-ipad.xib in Resources */,
				F6D2C8D22A71203C00F7D7EF /* RightMessagesCell.xib in Resources */,
				F625F6C22A779E240040F1A3 /* History-ipad.storyboard in Resources */,
				F625F6D42A77B7DB0040F1A3 /* SelectionCountry-ipad.storyboard in Resources */,
				F625F6E22A77D9830040F1A3 /* SelectionCountryHeaderView-ipad.xib in Resources */,
				F6DE21562A6E7C49003F49F4 /* Premium.storyboard in Resources */,
				F625F6D02A77B4B30040F1A3 /* RightMessagesCell-ipad.xib in Resources */,
				F625F6DF2A77C4F00040F1A3 /* SectionMenuCell-ipad.xib in Resources */,
				F68C37002A71328500AD0A1F /* EmptyChatCell.xib in Resources */,
				F6DE21252A6E72DF003F49F4 /* FixelText-Black.ttf in Resources */,
				F6D2C8CB2A711AA200F7D7EF /* VoiceChat.storyboard in Resources */,
				F6DDCBC92A6FF0B6007B51EE /* ClearChatView.xib in Resources */,
				F68C37042A71393C00AD0A1F /* SelectionCountry.storyboard in Resources */,
				F6DE21282A6E72DF003F49F4 /* FixelText-Thin.ttf in Resources */,
				F6CFB9772A7279A10058246B /* CameraEditPhoto.storyboard in Resources */,
				F625F6BC2A76B7710040F1A3 /* Premium-ipad.storyboard in Resources */,
				F61E49712A7AB70600D1EA49 /* GoogleMic.xib in Resources */,
				F6DE21232A6E72DF003F49F4 /* FixelText-ExtraLight.ttf in Resources */,
				F6DE20F02A6E7273003F49F4 /* Sriracha-Regular.ttf in Resources */,
				F625F6D62A77B83B0040F1A3 /* SectionCountryCell-ipad.xib in Resources */,
				F625F6DD2A77B9330040F1A3 /* CameraEditPhoto-ipad.storyboard in Resources */,
				F625F6C82A77A1A80040F1A3 /* TranslatorText-ipad.storyboard in Resources */,
				F6DE21222A6E72DF003F49F4 /* FixelText-Light.ttf in Resources */,
				F6DE21262A6E72DF003F49F4 /* FixelText-Regular.ttf in Resources */,
				F6DE21292A6E72DF003F49F4 /* FixelText-Medium.ttf in Resources */,
				F6D5D9792A7534D100A8053B /* SectionMenuCell.xib in Resources */,
				F68C37132A71517A00AD0A1F /* SelectionCountryHeaderView.xib in Resources */,
				F625F6E52A77DBE00040F1A3 /* ClearChatView-ipad.xib in Resources */,
				F625F6CC2A77B46C0040F1A3 /* EmptyChatCell-ipad.xib in Resources */,
				F62893872A6FC53D00B7A36C /* History.storyboard in Resources */,
				F625F6B52A76B3440040F1A3 /* MainTranslator-ipad.storyboard in Resources */,
			);
			runOnlyForDeploymentPostprocessing = 0;
		};
		F6DE20C62A6E6A80003F49F4 /* Resources */ = {
			isa = PBXResourcesBuildPhase;
			buildActionMask = 2147483647;
			files = (
			);
			runOnlyForDeploymentPostprocessing = 0;
		};
		F6DE20D02A6E6A80003F49F4 /* Resources */ = {
			isa = PBXResourcesBuildPhase;
			buildActionMask = 2147483647;
			files = (
			);
			runOnlyForDeploymentPostprocessing = 0;
		};
/* End PBXResourcesBuildPhase section */

/* Begin PBXShellScriptBuildPhase section */
		1A95B99030F5B6F56C8EE3D1 /* [CP] Embed Pods Frameworks */ = {
			isa = PBXShellScriptBuildPhase;
			buildActionMask = 2147483647;
			files = (
			);
			inputFileListPaths = (
				"${PODS_ROOT}/Target Support Files/Pods-Translator/Pods-Translator-frameworks-${CONFIGURATION}-input-files.xcfilelist",
			);
			name = "[CP] Embed Pods Frameworks";
			outputFileListPaths = (
				"${PODS_ROOT}/Target Support Files/Pods-Translator/Pods-Translator-frameworks-${CONFIGURATION}-output-files.xcfilelist",
			);
			runOnlyForDeploymentPostprocessing = 0;
			shellPath = /bin/sh;
			shellScript = "\"${PODS_ROOT}/Target Support Files/Pods-Translator/Pods-Translator-frameworks.sh\"\n";
			showEnvVarsInLog = 0;
		};
		42E67D95005988FE6EB42208 /* [CP] Copy Pods Resources */ = {
			isa = PBXShellScriptBuildPhase;
			buildActionMask = 2147483647;
			files = (
			);
			inputFileListPaths = (
				"${PODS_ROOT}/Target Support Files/Pods-Translator/Pods-Translator-resources-${CONFIGURATION}-input-files.xcfilelist",
			);
			name = "[CP] Copy Pods Resources";
			outputFileListPaths = (
				"${PODS_ROOT}/Target Support Files/Pods-Translator/Pods-Translator-resources-${CONFIGURATION}-output-files.xcfilelist",
			);
			runOnlyForDeploymentPostprocessing = 0;
			shellPath = /bin/sh;
			shellScript = "\"${PODS_ROOT}/Target Support Files/Pods-Translator/Pods-Translator-resources.sh\"\n";
			showEnvVarsInLog = 0;
		};
		651B832F1718699A4C4C4C41 /* [CP] Check Pods Manifest.lock */ = {
			isa = PBXShellScriptBuildPhase;
			buildActionMask = 2147483647;
			files = (
			);
			inputFileListPaths = (
			);
			inputPaths = (
				"${PODS_PODFILE_DIR_PATH}/Podfile.lock",
				"${PODS_ROOT}/Manifest.lock",
			);
			name = "[CP] Check Pods Manifest.lock";
			outputFileListPaths = (
			);
			outputPaths = (
				"$(DERIVED_FILE_DIR)/Pods-Translator-checkManifestLockResult.txt",
			);
			runOnlyForDeploymentPostprocessing = 0;
			shellPath = /bin/sh;
			shellScript = "diff \"${PODS_PODFILE_DIR_PATH}/Podfile.lock\" \"${PODS_ROOT}/Manifest.lock\" > /dev/null\nif [ $? != 0 ] ; then\n    # print error to STDERR\n    echo \"error: The sandbox is not in sync with the Podfile.lock. Run 'pod install' or update your CocoaPods installation.\" >&2\n    exit 1\nfi\n# This output is used by Xcode 'outputs' to avoid re-running this script phase.\necho \"SUCCESS\" > \"${SCRIPT_OUTPUT_FILE_0}\"\n";
			showEnvVarsInLog = 0;
		};
		9B97BEC57E876F0199898CBB /* [CP] Copy Pods Resources */ = {
			isa = PBXShellScriptBuildPhase;
			buildActionMask = 2147483647;
			files = (
			);
			inputFileListPaths = (
				"${PODS_ROOT}/Target Support Files/Pods-Translator-TranslatorUITests/Pods-Translator-TranslatorUITests-resources-${CONFIGURATION}-input-files.xcfilelist",
			);
			name = "[CP] Copy Pods Resources";
			outputFileListPaths = (
				"${PODS_ROOT}/Target Support Files/Pods-Translator-TranslatorUITests/Pods-Translator-TranslatorUITests-resources-${CONFIGURATION}-output-files.xcfilelist",
			);
			runOnlyForDeploymentPostprocessing = 0;
			shellPath = /bin/sh;
			shellScript = "\"${PODS_ROOT}/Target Support Files/Pods-Translator-TranslatorUITests/Pods-Translator-TranslatorUITests-resources.sh\"\n";
			showEnvVarsInLog = 0;
		};
		9D3E2E68DDB94C884D217936 /* [CP] Check Pods Manifest.lock */ = {
			isa = PBXShellScriptBuildPhase;
			buildActionMask = 2147483647;
			files = (
			);
			inputFileListPaths = (
			);
			inputPaths = (
				"${PODS_PODFILE_DIR_PATH}/Podfile.lock",
				"${PODS_ROOT}/Manifest.lock",
			);
			name = "[CP] Check Pods Manifest.lock";
			outputFileListPaths = (
			);
			outputPaths = (
				"$(DERIVED_FILE_DIR)/Pods-TranslatorTests-checkManifestLockResult.txt",
			);
			runOnlyForDeploymentPostprocessing = 0;
			shellPath = /bin/sh;
			shellScript = "diff \"${PODS_PODFILE_DIR_PATH}/Podfile.lock\" \"${PODS_ROOT}/Manifest.lock\" > /dev/null\nif [ $? != 0 ] ; then\n    # print error to STDERR\n    echo \"error: The sandbox is not in sync with the Podfile.lock. Run 'pod install' or update your CocoaPods installation.\" >&2\n    exit 1\nfi\n# This output is used by Xcode 'outputs' to avoid re-running this script phase.\necho \"SUCCESS\" > \"${SCRIPT_OUTPUT_FILE_0}\"\n";
			showEnvVarsInLog = 0;
		};
		A879C9B70AC0F5168EDBC166 /* [CP] Embed Pods Frameworks */ = {
			isa = PBXShellScriptBuildPhase;
			buildActionMask = 2147483647;
			files = (
			);
			inputFileListPaths = (
				"${PODS_ROOT}/Target Support Files/Pods-Translator-TranslatorUITests/Pods-Translator-TranslatorUITests-frameworks-${CONFIGURATION}-input-files.xcfilelist",
			);
			name = "[CP] Embed Pods Frameworks";
			outputFileListPaths = (
				"${PODS_ROOT}/Target Support Files/Pods-Translator-TranslatorUITests/Pods-Translator-TranslatorUITests-frameworks-${CONFIGURATION}-output-files.xcfilelist",
			);
			runOnlyForDeploymentPostprocessing = 0;
			shellPath = /bin/sh;
			shellScript = "\"${PODS_ROOT}/Target Support Files/Pods-Translator-TranslatorUITests/Pods-Translator-TranslatorUITests-frameworks.sh\"\n";
			showEnvVarsInLog = 0;
		};
		FC8DB61A227CBE04FC016A0D /* [CP] Check Pods Manifest.lock */ = {
			isa = PBXShellScriptBuildPhase;
			buildActionMask = 2147483647;
			files = (
			);
			inputFileListPaths = (
			);
			inputPaths = (
				"${PODS_PODFILE_DIR_PATH}/Podfile.lock",
				"${PODS_ROOT}/Manifest.lock",
			);
			name = "[CP] Check Pods Manifest.lock";
			outputFileListPaths = (
			);
			outputPaths = (
				"$(DERIVED_FILE_DIR)/Pods-Translator-TranslatorUITests-checkManifestLockResult.txt",
			);
			runOnlyForDeploymentPostprocessing = 0;
			shellPath = /bin/sh;
			shellScript = "diff \"${PODS_PODFILE_DIR_PATH}/Podfile.lock\" \"${PODS_ROOT}/Manifest.lock\" > /dev/null\nif [ $? != 0 ] ; then\n    # print error to STDERR\n    echo \"error: The sandbox is not in sync with the Podfile.lock. Run 'pod install' or update your CocoaPods installation.\" >&2\n    exit 1\nfi\n# This output is used by Xcode 'outputs' to avoid re-running this script phase.\necho \"SUCCESS\" > \"${SCRIPT_OUTPUT_FILE_0}\"\n";
			showEnvVarsInLog = 0;
		};
/* End PBXShellScriptBuildPhase section */

/* Begin PBXSourcesBuildPhase section */
		F6DE20AE2A6E6A7F003F49F4 /* Sources */ = {
			isa = PBXSourcesBuildPhase;
			buildActionMask = 2147483647;
			files = (
				F62893592A6E999C00B7A36C /* MainTranslatorModelCell.swift in Sources */,
				F62893702A6EC12800B7A36C /* MenuItemsCell.swift in Sources */,
				F6D2C8D72A71207C00F7D7EF /* RightMessegesCell.swift in Sources */,
				F62893782A6EC38E00B7A36C /* DrawerMenuCellType.swift in Sources */,
				F6DE21542A6E7B43003F49F4 /* UIView+rotation.swift in Sources */,
				F62893652A6EBCAD00B7A36C /* DrawerMenuViewController.swift in Sources */,
				F6B170472A6E93B2002A7BD2 /* MainTranslatorCell.swift in Sources */,
				11203A602A7D053000452843 /* LanguageManager.swift in Sources */,
				F6D623092A6FCF3600D24F16 /* BaseHistoryModel.swift in Sources */,
				F6D5D97B2A75352E00A8053B /* SectionMenuCell.swift in Sources */,
				F68C37102A71509800AD0A1F /* SectionModel.swift in Sources */,
				F6BE51662A72625B00625E62 /* CameraTranslatorViewController.swift in Sources */,
				F6D623072A6FCEF500D24F16 /* HistoryEmptyModel.swift in Sources */,
				F6D2C8CD2A711AB400F7D7EF /* VoiceChatViewController.swift in Sources */,
				F61F296B2A7BBAFF00431C03 /* HistoryFullModel.swift in Sources */,
				F6DDCBCB2A6FF911007B51EE /* ClearChatView.swift in Sources */,
				F6DE21592A6E7CBD003F49F4 /* PremiumViewController.swift in Sources */,
				F6D5D9642A727BAF00A8053B /* CameraEditPhotoViewController.swift in Sources */,
				F62893752A6EC29D00B7A36C /* MenuItemsModel.swift in Sources */,
				F628935D2A6EBB9100B7A36C /* DrawerPresentationController.swift in Sources */,
				F6DE20ED2A6E6DD2003F49F4 /* SplashScreenViewController.swift in Sources */,
				F68C37162A71522F00AD0A1F /* SelectionCountryHeaderView.swift in Sources */,
				F6D623132A6FD52300D24F16 /* Offer50View.swift in Sources */,
				F68C37062A713A3100AD0A1F /* SelectionCountryViewController.swift in Sources */,
				F68C370C2A714F5500AD0A1F /* SelectionCountryModel.swift in Sources */,
				F68C37022A71329300AD0A1F /* EmptyChatCell.swift in Sources */,
				11203A632A7D060600452843 /* UserDefaultsStorage.swift in Sources */,
				F6DE20B62A6E6A7F003F49F4 /* AppDelegate.swift in Sources */,
				F68C370A2A7148A100AD0A1F /* SectionCountryCell.swift in Sources */,
				F6D2C8B22A7004A200F7D7EF /* TextField.swift in Sources */,
				F6D623112A6FD51900D24F16 /* Offer30View.swift in Sources */,
				F6D2C8D52A71206D00F7D7EF /* LeftMessagesCell.swift in Sources */,
				F625F6B22A76B2DA0040F1A3 /* StoryboardFabric.swift in Sources */,
				F6DDCBCF2A6FFB81007B51EE /* ClearHistoryView.swift in Sources */,
				F6D622FF2A6FCC8600D24F16 /* HistoryFullTableViewCell.swift in Sources */,
				F628936E2A6EC02000B7A36C /* PremiumImageCell.swift in Sources */,
				F6D2C8DB2A71268500F7D7EF /* MessagesModel.swift in Sources */,
				F6DE20B82A6E6A7F003F49F4 /* SceneDelegate.swift in Sources */,
				F6D2C8B62A70074A00F7D7EF /* TextMessageView.swift in Sources */,
				F62893622A6EBC2700B7A36C /* DrawerTransitionManager.swift in Sources */,
				F6C0D30D2A6E92CC00418837 /* MainTranslatoreViewController.swift in Sources */,
				F6D622FA2A6FC9D800D24F16 /* HistoryViewController.swift in Sources */,
				F6DDCBD32A6FFC18007B51EE /* TranslatorTextViewController.swift in Sources */,
				11203A5A2A7AABE100452843 /* CountryRepository.swift in Sources */,
				F6D622FC2A6FCC7000D24F16 /* HistoryEmptyTableViewCell.swift in Sources */,
				F62893602A6EBBD900B7A36C /* DrawerSlideAnimation.swift in Sources */,
			);
			runOnlyForDeploymentPostprocessing = 0;
		};
		F6DE20C42A6E6A80003F49F4 /* Sources */ = {
			isa = PBXSourcesBuildPhase;
			buildActionMask = 2147483647;
			files = (
				F6DE20CD2A6E6A80003F49F4 /* TranslatorTests.swift in Sources */,
			);
			runOnlyForDeploymentPostprocessing = 0;
		};
		F6DE20CE2A6E6A80003F49F4 /* Sources */ = {
			isa = PBXSourcesBuildPhase;
			buildActionMask = 2147483647;
			files = (
				F6DE20D92A6E6A80003F49F4 /* TranslatorUITestsLaunchTests.swift in Sources */,
				F6DE20D72A6E6A80003F49F4 /* TranslatorUITests.swift in Sources */,
			);
			runOnlyForDeploymentPostprocessing = 0;
		};
/* End PBXSourcesBuildPhase section */

/* Begin PBXTargetDependency section */
		F6DE20CA2A6E6A80003F49F4 /* PBXTargetDependency */ = {
			isa = PBXTargetDependency;
			target = F6DE20B12A6E6A7F003F49F4 /* Translator */;
			targetProxy = F6DE20C92A6E6A80003F49F4 /* PBXContainerItemProxy */;
		};
		F6DE20D42A6E6A80003F49F4 /* PBXTargetDependency */ = {
			isa = PBXTargetDependency;
			target = F6DE20B12A6E6A7F003F49F4 /* Translator */;
			targetProxy = F6DE20D32A6E6A80003F49F4 /* PBXContainerItemProxy */;
		};
/* End PBXTargetDependency section */

/* Begin PBXVariantGroup section */
		F6D2C8BF2A7023C900F7D7EF /* MainInterface.storyboard */ = {
			isa = PBXVariantGroup;
			children = (
				F6D2C8C02A7023C900F7D7EF /* Base */,
			);
			name = MainInterface.storyboard;
			sourceTree = "<group>";
		};
		F6DE20BB2A6E6A7F003F49F4 /* MainTranslator.storyboard */ = {
			isa = PBXVariantGroup;
			children = (
				F6DE20BC2A6E6A7F003F49F4 /* Base */,
			);
			name = MainTranslator.storyboard;
			sourceTree = "<group>";
		};
		F6DE20C02A6E6A80003F49F4 /* LaunchScreen.storyboard */ = {
			isa = PBXVariantGroup;
			children = (
				F6DE20C12A6E6A80003F49F4 /* Base */,
			);
			name = LaunchScreen.storyboard;
			sourceTree = "<group>";
		};
/* End PBXVariantGroup section */

/* Begin XCBuildConfiguration section */
		F6DE20DA2A6E6A80003F49F4 /* Debug */ = {
			isa = XCBuildConfiguration;
			buildSettings = {
				ALWAYS_SEARCH_USER_PATHS = NO;
				CLANG_ANALYZER_NONNULL = YES;
				CLANG_ANALYZER_NUMBER_OBJECT_CONVERSION = YES_AGGRESSIVE;
				CLANG_CXX_LANGUAGE_STANDARD = "gnu++20";
				CLANG_ENABLE_MODULES = YES;
				CLANG_ENABLE_OBJC_ARC = YES;
				CLANG_ENABLE_OBJC_WEAK = YES;
				CLANG_WARN_BLOCK_CAPTURE_AUTORELEASING = YES;
				CLANG_WARN_BOOL_CONVERSION = YES;
				CLANG_WARN_COMMA = YES;
				CLANG_WARN_CONSTANT_CONVERSION = YES;
				CLANG_WARN_DEPRECATED_OBJC_IMPLEMENTATIONS = YES;
				CLANG_WARN_DIRECT_OBJC_ISA_USAGE = YES_ERROR;
				CLANG_WARN_DOCUMENTATION_COMMENTS = YES;
				CLANG_WARN_EMPTY_BODY = YES;
				CLANG_WARN_ENUM_CONVERSION = YES;
				CLANG_WARN_INFINITE_RECURSION = YES;
				CLANG_WARN_INT_CONVERSION = YES;
				CLANG_WARN_NON_LITERAL_NULL_CONVERSION = YES;
				CLANG_WARN_OBJC_IMPLICIT_RETAIN_SELF = YES;
				CLANG_WARN_OBJC_LITERAL_CONVERSION = YES;
				CLANG_WARN_OBJC_ROOT_CLASS = YES_ERROR;
				CLANG_WARN_QUOTED_INCLUDE_IN_FRAMEWORK_HEADER = YES;
				CLANG_WARN_RANGE_LOOP_ANALYSIS = YES;
				CLANG_WARN_STRICT_PROTOTYPES = YES;
				CLANG_WARN_SUSPICIOUS_MOVE = YES;
				CLANG_WARN_UNGUARDED_AVAILABILITY = YES_AGGRESSIVE;
				CLANG_WARN_UNREACHABLE_CODE = YES;
				CLANG_WARN__DUPLICATE_METHOD_MATCH = YES;
				COPY_PHASE_STRIP = NO;
				DEBUG_INFORMATION_FORMAT = dwarf;
				ENABLE_STRICT_OBJC_MSGSEND = YES;
				ENABLE_TESTABILITY = YES;
				GCC_C_LANGUAGE_STANDARD = gnu11;
				GCC_DYNAMIC_NO_PIC = NO;
				GCC_NO_COMMON_BLOCKS = YES;
				GCC_OPTIMIZATION_LEVEL = 0;
				GCC_PREPROCESSOR_DEFINITIONS = (
					"DEBUG=1",
					"$(inherited)",
				);
				GCC_WARN_64_TO_32_BIT_CONVERSION = YES;
				GCC_WARN_ABOUT_RETURN_TYPE = YES_ERROR;
				GCC_WARN_UNDECLARED_SELECTOR = YES;
				GCC_WARN_UNINITIALIZED_AUTOS = YES_AGGRESSIVE;
				GCC_WARN_UNUSED_FUNCTION = YES;
				GCC_WARN_UNUSED_VARIABLE = YES;
				IPHONEOS_DEPLOYMENT_TARGET = 16.0;
				MTL_ENABLE_DEBUG_INFO = INCLUDE_SOURCE;
				MTL_FAST_MATH = YES;
				ONLY_ACTIVE_ARCH = YES;
				SDKROOT = iphoneos;
				SWIFT_ACTIVE_COMPILATION_CONDITIONS = DEBUG;
				SWIFT_OPTIMIZATION_LEVEL = "-Onone";
			};
			name = Debug;
		};
		F6DE20DB2A6E6A80003F49F4 /* Release */ = {
			isa = XCBuildConfiguration;
			buildSettings = {
				ALWAYS_SEARCH_USER_PATHS = NO;
				CLANG_ANALYZER_NONNULL = YES;
				CLANG_ANALYZER_NUMBER_OBJECT_CONVERSION = YES_AGGRESSIVE;
				CLANG_CXX_LANGUAGE_STANDARD = "gnu++20";
				CLANG_ENABLE_MODULES = YES;
				CLANG_ENABLE_OBJC_ARC = YES;
				CLANG_ENABLE_OBJC_WEAK = YES;
				CLANG_WARN_BLOCK_CAPTURE_AUTORELEASING = YES;
				CLANG_WARN_BOOL_CONVERSION = YES;
				CLANG_WARN_COMMA = YES;
				CLANG_WARN_CONSTANT_CONVERSION = YES;
				CLANG_WARN_DEPRECATED_OBJC_IMPLEMENTATIONS = YES;
				CLANG_WARN_DIRECT_OBJC_ISA_USAGE = YES_ERROR;
				CLANG_WARN_DOCUMENTATION_COMMENTS = YES;
				CLANG_WARN_EMPTY_BODY = YES;
				CLANG_WARN_ENUM_CONVERSION = YES;
				CLANG_WARN_INFINITE_RECURSION = YES;
				CLANG_WARN_INT_CONVERSION = YES;
				CLANG_WARN_NON_LITERAL_NULL_CONVERSION = YES;
				CLANG_WARN_OBJC_IMPLICIT_RETAIN_SELF = YES;
				CLANG_WARN_OBJC_LITERAL_CONVERSION = YES;
				CLANG_WARN_OBJC_ROOT_CLASS = YES_ERROR;
				CLANG_WARN_QUOTED_INCLUDE_IN_FRAMEWORK_HEADER = YES;
				CLANG_WARN_RANGE_LOOP_ANALYSIS = YES;
				CLANG_WARN_STRICT_PROTOTYPES = YES;
				CLANG_WARN_SUSPICIOUS_MOVE = YES;
				CLANG_WARN_UNGUARDED_AVAILABILITY = YES_AGGRESSIVE;
				CLANG_WARN_UNREACHABLE_CODE = YES;
				CLANG_WARN__DUPLICATE_METHOD_MATCH = YES;
				COPY_PHASE_STRIP = NO;
				DEBUG_INFORMATION_FORMAT = "dwarf-with-dsym";
				ENABLE_NS_ASSERTIONS = NO;
				ENABLE_STRICT_OBJC_MSGSEND = YES;
				GCC_C_LANGUAGE_STANDARD = gnu11;
				GCC_NO_COMMON_BLOCKS = YES;
				GCC_WARN_64_TO_32_BIT_CONVERSION = YES;
				GCC_WARN_ABOUT_RETURN_TYPE = YES_ERROR;
				GCC_WARN_UNDECLARED_SELECTOR = YES;
				GCC_WARN_UNINITIALIZED_AUTOS = YES_AGGRESSIVE;
				GCC_WARN_UNUSED_FUNCTION = YES;
				GCC_WARN_UNUSED_VARIABLE = YES;
				IPHONEOS_DEPLOYMENT_TARGET = 16.0;
				MTL_ENABLE_DEBUG_INFO = NO;
				MTL_FAST_MATH = YES;
				SDKROOT = iphoneos;
				SWIFT_COMPILATION_MODE = wholemodule;
				SWIFT_OPTIMIZATION_LEVEL = "-O";
				VALIDATE_PRODUCT = YES;
			};
			name = Release;
		};
		F6DE20DD2A6E6A80003F49F4 /* Debug */ = {
			isa = XCBuildConfiguration;
			baseConfigurationReference = BA72D7335C468B1D83F39489 /* Pods-Translator.debug.xcconfig */;
			buildSettings = {
				ALWAYS_EMBED_SWIFT_STANDARD_LIBRARIES = YES;
				ASSETCATALOG_COMPILER_APPICON_NAME = AppIcon;
				ASSETCATALOG_COMPILER_GLOBAL_ACCENT_COLOR_NAME = AccentColor;
				CODE_SIGN_IDENTITY = "Apple Development";
				CODE_SIGN_STYLE = Automatic;
				CURRENT_PROJECT_VERSION = 2;
				DEVELOPMENT_TEAM = 8M56J59P6Q;
				GENERATE_INFOPLIST_FILE = YES;
				INFOPLIST_FILE = Translator/Info.plist;
				INFOPLIST_KEY_CFBundleDisplayName = "Voice Translator Camera & Text";
				INFOPLIST_KEY_NSCameraUsageDescription = "";
				INFOPLIST_KEY_NSMicrophoneUsageDescription = "Please allow to record audio.";
				INFOPLIST_KEY_UIApplicationSupportsIndirectInputEvents = YES;
				INFOPLIST_KEY_UILaunchStoryboardName = LaunchScreen;
				INFOPLIST_KEY_UIMainStoryboardFile = MainTranslator;
				INFOPLIST_KEY_UISupportedInterfaceOrientations = UIInterfaceOrientationPortrait;
				INFOPLIST_KEY_UISupportedInterfaceOrientations_iPad = "UIInterfaceOrientationLandscapeLeft UIInterfaceOrientationLandscapeRight UIInterfaceOrientationPortrait UIInterfaceOrientationPortraitUpsideDown";
				LD_RUNPATH_SEARCH_PATHS = (
					"$(inherited)",
					"@executable_path/Frameworks",
				);
				MARKETING_VERSION = 1.0;
				PRODUCT_BUNDLE_IDENTIFIER = com.translator.voice.language.translate2;
				PRODUCT_NAME = "$(TARGET_NAME)";
				PROVISIONING_PROFILE_SPECIFIER = "";
				SUPPORTED_PLATFORMS = "iphoneos iphonesimulator";
				SUPPORTS_MACCATALYST = NO;
				SUPPORTS_MAC_DESIGNED_FOR_IPHONE_IPAD = NO;
				SWIFT_EMIT_LOC_STRINGS = YES;
				SWIFT_VERSION = 5.0;
				TARGETED_DEVICE_FAMILY = "1,2";
			};
			name = Debug;
		};
		F6DE20DE2A6E6A80003F49F4 /* Release */ = {
			isa = XCBuildConfiguration;
			baseConfigurationReference = B1CC80825767ED19491A6F2E /* Pods-Translator.release.xcconfig */;
			buildSettings = {
				ALWAYS_EMBED_SWIFT_STANDARD_LIBRARIES = YES;
				ASSETCATALOG_COMPILER_APPICON_NAME = AppIcon;
				ASSETCATALOG_COMPILER_GLOBAL_ACCENT_COLOR_NAME = AccentColor;
				CODE_SIGN_IDENTITY = "Apple Development";
				CODE_SIGN_STYLE = Automatic;
				CURRENT_PROJECT_VERSION = 2;
				DEVELOPMENT_TEAM = 8M56J59P6Q;
				GENERATE_INFOPLIST_FILE = YES;
				INFOPLIST_FILE = Translator/Info.plist;
				INFOPLIST_KEY_CFBundleDisplayName = "Voice Translator Camera & Text";
				INFOPLIST_KEY_NSCameraUsageDescription = "";
				INFOPLIST_KEY_NSMicrophoneUsageDescription = "Please allow to record audio.";
				INFOPLIST_KEY_UIApplicationSupportsIndirectInputEvents = YES;
				INFOPLIST_KEY_UILaunchStoryboardName = LaunchScreen;
				INFOPLIST_KEY_UIMainStoryboardFile = MainTranslator;
				INFOPLIST_KEY_UISupportedInterfaceOrientations = UIInterfaceOrientationPortrait;
				INFOPLIST_KEY_UISupportedInterfaceOrientations_iPad = "UIInterfaceOrientationLandscapeLeft UIInterfaceOrientationLandscapeRight UIInterfaceOrientationPortrait UIInterfaceOrientationPortraitUpsideDown";
				LD_RUNPATH_SEARCH_PATHS = (
					"$(inherited)",
					"@executable_path/Frameworks",
				);
				MARKETING_VERSION = 1.0;
				PRODUCT_BUNDLE_IDENTIFIER = com.translator.voice.language.translate2;
				PRODUCT_NAME = "$(TARGET_NAME)";
				PROVISIONING_PROFILE_SPECIFIER = "";
				SUPPORTED_PLATFORMS = "iphoneos iphonesimulator";
				SUPPORTS_MACCATALYST = NO;
				SUPPORTS_MAC_DESIGNED_FOR_IPHONE_IPAD = NO;
				SWIFT_EMIT_LOC_STRINGS = YES;
				SWIFT_VERSION = 5.0;
				TARGETED_DEVICE_FAMILY = "1,2";
			};
			name = Release;
		};
		F6DE20E02A6E6A80003F49F4 /* Debug */ = {
			isa = XCBuildConfiguration;
			baseConfigurationReference = 57C2C79C259450A96A23ADDD /* Pods-TranslatorTests.debug.xcconfig */;
			buildSettings = {
				ALWAYS_EMBED_SWIFT_STANDARD_LIBRARIES = YES;
				BUNDLE_LOADER = "$(TEST_HOST)";
				CODE_SIGN_STYLE = Automatic;
				CURRENT_PROJECT_VERSION = 1;
				DEVELOPMENT_TEAM = 6NNWR2JHQ8;
				GENERATE_INFOPLIST_FILE = YES;
				IPHONEOS_DEPLOYMENT_TARGET = 16.4;
				MARKETING_VERSION = 1.0;
				PRODUCT_BUNDLE_IDENTIFIER = w.TranslatorTests;
				PRODUCT_NAME = "$(TARGET_NAME)";
				SWIFT_EMIT_LOC_STRINGS = NO;
				SWIFT_VERSION = 5.0;
				TARGETED_DEVICE_FAMILY = "1,2";
				TEST_HOST = "$(BUILT_PRODUCTS_DIR)/Translator.app/$(BUNDLE_EXECUTABLE_FOLDER_PATH)/Translator";
			};
			name = Debug;
		};
		F6DE20E12A6E6A80003F49F4 /* Release */ = {
			isa = XCBuildConfiguration;
			baseConfigurationReference = CAA51D7F3A05179E3CC73F7E /* Pods-TranslatorTests.release.xcconfig */;
			buildSettings = {
				ALWAYS_EMBED_SWIFT_STANDARD_LIBRARIES = YES;
				BUNDLE_LOADER = "$(TEST_HOST)";
				CODE_SIGN_STYLE = Automatic;
				CURRENT_PROJECT_VERSION = 1;
				DEVELOPMENT_TEAM = 6NNWR2JHQ8;
				GENERATE_INFOPLIST_FILE = YES;
				IPHONEOS_DEPLOYMENT_TARGET = 16.4;
				MARKETING_VERSION = 1.0;
				PRODUCT_BUNDLE_IDENTIFIER = w.TranslatorTests;
				PRODUCT_NAME = "$(TARGET_NAME)";
				SWIFT_EMIT_LOC_STRINGS = NO;
				SWIFT_VERSION = 5.0;
				TARGETED_DEVICE_FAMILY = "1,2";
				TEST_HOST = "$(BUILT_PRODUCTS_DIR)/Translator.app/$(BUNDLE_EXECUTABLE_FOLDER_PATH)/Translator";
			};
			name = Release;
		};
		F6DE20E32A6E6A80003F49F4 /* Debug */ = {
			isa = XCBuildConfiguration;
			baseConfigurationReference = CBEBA4B1A1F81FC57FE50A17 /* Pods-Translator-TranslatorUITests.debug.xcconfig */;
			buildSettings = {
				ALWAYS_EMBED_SWIFT_STANDARD_LIBRARIES = YES;
				CODE_SIGN_STYLE = Automatic;
				CURRENT_PROJECT_VERSION = 1;
				DEVELOPMENT_TEAM = 6NNWR2JHQ8;
				GENERATE_INFOPLIST_FILE = YES;
				MARKETING_VERSION = 1.0;
				PRODUCT_BUNDLE_IDENTIFIER = w.TranslatorUITests;
				PRODUCT_NAME = "$(TARGET_NAME)";
				SWIFT_EMIT_LOC_STRINGS = NO;
				SWIFT_VERSION = 5.0;
				TARGETED_DEVICE_FAMILY = "1,2";
				TEST_TARGET_NAME = Translator;
			};
			name = Debug;
		};
		F6DE20E42A6E6A80003F49F4 /* Release */ = {
			isa = XCBuildConfiguration;
			baseConfigurationReference = D01A70DA097BB24F3B62C063 /* Pods-Translator-TranslatorUITests.release.xcconfig */;
			buildSettings = {
				ALWAYS_EMBED_SWIFT_STANDARD_LIBRARIES = YES;
				CODE_SIGN_STYLE = Automatic;
				CURRENT_PROJECT_VERSION = 1;
				DEVELOPMENT_TEAM = 6NNWR2JHQ8;
				GENERATE_INFOPLIST_FILE = YES;
				MARKETING_VERSION = 1.0;
				PRODUCT_BUNDLE_IDENTIFIER = w.TranslatorUITests;
				PRODUCT_NAME = "$(TARGET_NAME)";
				SWIFT_EMIT_LOC_STRINGS = NO;
				SWIFT_VERSION = 5.0;
				TARGETED_DEVICE_FAMILY = "1,2";
				TEST_TARGET_NAME = Translator;
			};
			name = Release;
		};
/* End XCBuildConfiguration section */

/* Begin XCConfigurationList section */
		F6DE20AD2A6E6A7F003F49F4 /* Build configuration list for PBXProject "Translator" */ = {
			isa = XCConfigurationList;
			buildConfigurations = (
				F6DE20DA2A6E6A80003F49F4 /* Debug */,
				F6DE20DB2A6E6A80003F49F4 /* Release */,
			);
			defaultConfigurationIsVisible = 0;
			defaultConfigurationName = Release;
		};
		F6DE20DC2A6E6A80003F49F4 /* Build configuration list for PBXNativeTarget "Translator" */ = {
			isa = XCConfigurationList;
			buildConfigurations = (
				F6DE20DD2A6E6A80003F49F4 /* Debug */,
				F6DE20DE2A6E6A80003F49F4 /* Release */,
			);
			defaultConfigurationIsVisible = 0;
			defaultConfigurationName = Release;
		};
		F6DE20DF2A6E6A80003F49F4 /* Build configuration list for PBXNativeTarget "TranslatorTests" */ = {
			isa = XCConfigurationList;
			buildConfigurations = (
				F6DE20E02A6E6A80003F49F4 /* Debug */,
				F6DE20E12A6E6A80003F49F4 /* Release */,
			);
			defaultConfigurationIsVisible = 0;
			defaultConfigurationName = Release;
		};
		F6DE20E22A6E6A80003F49F4 /* Build configuration list for PBXNativeTarget "TranslatorUITests" */ = {
			isa = XCConfigurationList;
			buildConfigurations = (
				F6DE20E32A6E6A80003F49F4 /* Debug */,
				F6DE20E42A6E6A80003F49F4 /* Release */,
			);
			defaultConfigurationIsVisible = 0;
			defaultConfigurationName = Release;
		};
/* End XCConfigurationList section */

/* Begin XCRemoteSwiftPackageReference section */
		11203A5C2A7BBE8700452843 /* XCRemoteSwiftPackageReference "Swinject" */ = {
			isa = XCRemoteSwiftPackageReference;
			repositoryURL = "https://github.com/Swinject/Swinject.git";
			requirement = {
				kind = upToNextMajorVersion;
				minimumVersion = 2.0.0;
			};
		};
		F60A5A6E2A6FDFD200E04862 /* XCRemoteSwiftPackageReference "SwiftEntryKit" */ = {
			isa = XCRemoteSwiftPackageReference;
			repositoryURL = "https://github.com/huri000/SwiftEntryKit.git";
			requirement = {
				kind = upToNextMajorVersion;
				minimumVersion = 2.0.0;
			};
		};
		F61E496D2A7AAF2C00D1EA49 /* XCRemoteSwiftPackageReference "IHProgressHUD" */ = {
			isa = XCRemoteSwiftPackageReference;
			repositoryURL = "https://github.com/Swiftify-Corp/IHProgressHUD.git";
			requirement = {
				kind = upToNextMajorVersion;
				minimumVersion = 0.1.8;
			};
		};
		F625F6E62A78FA2D0040F1A3 /* XCRemoteSwiftPackageReference "Switch-Animations" */ = {
			isa = XCRemoteSwiftPackageReference;
			repositoryURL = "https://github.com/jwd-ali/Switch-Animations.git";
			requirement = {
				kind = upToNextMajorVersion;
				minimumVersion = 3.0.0;
			};
		};
/* End XCRemoteSwiftPackageReference section */

/* Begin XCSwiftPackageProductDependency section */
		11203A5D2A7BBE8700452843 /* Swinject */ = {
			isa = XCSwiftPackageProductDependency;
			package = 11203A5C2A7BBE8700452843 /* XCRemoteSwiftPackageReference "Swinject" */;
			productName = Swinject;
		};
		F60A5A6F2A6FDFD200E04862 /* SwiftEntryKit */ = {
			isa = XCSwiftPackageProductDependency;
			package = F60A5A6E2A6FDFD200E04862 /* XCRemoteSwiftPackageReference "SwiftEntryKit" */;
			productName = SwiftEntryKit;
		};
		F61E496E2A7AAF2C00D1EA49 /* IHProgressHUD */ = {
			isa = XCSwiftPackageProductDependency;
			package = F61E496D2A7AAF2C00D1EA49 /* XCRemoteSwiftPackageReference "IHProgressHUD" */;
			productName = IHProgressHUD;
		};
		F625F6E72A78FA2D0040F1A3 /* Switches */ = {
			isa = XCSwiftPackageProductDependency;
			package = F625F6E62A78FA2D0040F1A3 /* XCRemoteSwiftPackageReference "Switch-Animations" */;
			productName = Switches;
		};
/* End XCSwiftPackageProductDependency section */
	};
	rootObject = F6DE20AA2A6E6A7F003F49F4 /* Project object */;
}
