// !$*UTF8*$!
{
	archiveVersion = 1;
	classes = {
	};
	objectVersion = 56;
	objects = {

/* Begin PBXBuildFile section */
		F6B170472A6E93B2002A7BD2 /* MainTranslatorCell.swift in Sources */ = {isa = PBXBuildFile; fileRef = F6B170462A6E93B2002A7BD2 /* MainTranslatorCell.swift */; };
		F6B1704B2A6E93EC002A7BD2 /* MainTranslatorCell.xib in Resources */ = {isa = PBXBuildFile; fileRef = F6B1704A2A6E93EC002A7BD2 /* MainTranslatorCell.xib */; };
		F6C0D30D2A6E92CC00418837 /* MainTranslatoreViewController.swift in Sources */ = {isa = PBXBuildFile; fileRef = F6C0D30C2A6E92CC00418837 /* MainTranslatoreViewController.swift */; };
		F6DE20B62A6E6A7F003F49F4 /* AppDelegate.swift in Sources */ = {isa = PBXBuildFile; fileRef = F6DE20B52A6E6A7F003F49F4 /* AppDelegate.swift */; };
		F6DE20B82A6E6A7F003F49F4 /* SceneDelegate.swift in Sources */ = {isa = PBXBuildFile; fileRef = F6DE20B72A6E6A7F003F49F4 /* SceneDelegate.swift */; };
		F6DE20BD2A6E6A7F003F49F4 /* MainTranslator.storyboard in Resources */ = {isa = PBXBuildFile; fileRef = F6DE20BB2A6E6A7F003F49F4 /* MainTranslator.storyboard */; };
		F6DE20BF2A6E6A80003F49F4 /* Assets.xcassets in Resources */ = {isa = PBXBuildFile; fileRef = F6DE20BE2A6E6A80003F49F4 /* Assets.xcassets */; };
		F6DE20C22A6E6A80003F49F4 /* LaunchScreen.storyboard in Resources */ = {isa = PBXBuildFile; fileRef = F6DE20C02A6E6A80003F49F4 /* LaunchScreen.storyboard */; };
		F6DE20CD2A6E6A80003F49F4 /* TranslatorTests.swift in Sources */ = {isa = PBXBuildFile; fileRef = F6DE20CC2A6E6A80003F49F4 /* TranslatorTests.swift */; };
		F6DE20D72A6E6A80003F49F4 /* TranslatorUITests.swift in Sources */ = {isa = PBXBuildFile; fileRef = F6DE20D62A6E6A80003F49F4 /* TranslatorUITests.swift */; };
		F6DE20D92A6E6A80003F49F4 /* TranslatorUITestsLaunchTests.swift in Sources */ = {isa = PBXBuildFile; fileRef = F6DE20D82A6E6A80003F49F4 /* TranslatorUITestsLaunchTests.swift */; };
		F6DE20EB2A6E6CFE003F49F4 /* SplashScreen.storyboard in Resources */ = {isa = PBXBuildFile; fileRef = F6DE20EA2A6E6CFE003F49F4 /* SplashScreen.storyboard */; };
		F6DE20ED2A6E6DD2003F49F4 /* SplashScreenViewController.swift in Sources */ = {isa = PBXBuildFile; fileRef = F6DE20EC2A6E6DD2003F49F4 /* SplashScreenViewController.swift */; };
		F6DE20F02A6E7273003F49F4 /* Sriracha-Regular.ttf in Resources */ = {isa = PBXBuildFile; fileRef = F6DE20EF2A6E7273003F49F4 /* Sriracha-Regular.ttf */; };
		F6DE21222A6E72DF003F49F4 /* FixelText-Light.ttf in Resources */ = {isa = PBXBuildFile; fileRef = F6DE20F12A6E72DE003F49F4 /* FixelText-Light.ttf */; };
		F6DE21232A6E72DF003F49F4 /* FixelText-ExtraLight.ttf in Resources */ = {isa = PBXBuildFile; fileRef = F6DE20F22A6E72DE003F49F4 /* FixelText-ExtraLight.ttf */; };
		F6DE21242A6E72DF003F49F4 /* FixelText-SemiBold.ttf in Resources */ = {isa = PBXBuildFile; fileRef = F6DE20F32A6E72DE003F49F4 /* FixelText-SemiBold.ttf */; };
		F6DE21252A6E72DF003F49F4 /* FixelText-Black.ttf in Resources */ = {isa = PBXBuildFile; fileRef = F6DE20F42A6E72DE003F49F4 /* FixelText-Black.ttf */; };
		F6DE21262A6E72DF003F49F4 /* FixelText-Regular.ttf in Resources */ = {isa = PBXBuildFile; fileRef = F6DE20F52A6E72DF003F49F4 /* FixelText-Regular.ttf */; };
		F6DE21272A6E72DF003F49F4 /* FixelText-Bold.ttf in Resources */ = {isa = PBXBuildFile; fileRef = F6DE20F62A6E72DF003F49F4 /* FixelText-Bold.ttf */; };
		F6DE21282A6E72DF003F49F4 /* FixelText-Thin.ttf in Resources */ = {isa = PBXBuildFile; fileRef = F6DE20F72A6E72DF003F49F4 /* FixelText-Thin.ttf */; };
		F6DE21292A6E72DF003F49F4 /* FixelText-Medium.ttf in Resources */ = {isa = PBXBuildFile; fileRef = F6DE20F82A6E72DF003F49F4 /* FixelText-Medium.ttf */; };
		F6DE21542A6E7B43003F49F4 /* UIView+rotation.swift in Sources */ = {isa = PBXBuildFile; fileRef = F6DE21532A6E7B43003F49F4 /* UIView+rotation.swift */; };
		F6DE21562A6E7C49003F49F4 /* Premium.storyboard in Resources */ = {isa = PBXBuildFile; fileRef = F6DE21552A6E7C49003F49F4 /* Premium.storyboard */; };
		F6DE21592A6E7CBD003F49F4 /* PremiumViewController.swift in Sources */ = {isa = PBXBuildFile; fileRef = F6DE21582A6E7CBD003F49F4 /* PremiumViewController.swift */; };
/* End PBXBuildFile section */

/* Begin PBXContainerItemProxy section */
		F6DE20C92A6E6A80003F49F4 /* PBXContainerItemProxy */ = {
			isa = PBXContainerItemProxy;
			containerPortal = F6DE20AA2A6E6A7F003F49F4 /* Project object */;
			proxyType = 1;
			remoteGlobalIDString = F6DE20B12A6E6A7F003F49F4;
			remoteInfo = Translator;
		};
		F6DE20D32A6E6A80003F49F4 /* PBXContainerItemProxy */ = {
			isa = PBXContainerItemProxy;
			containerPortal = F6DE20AA2A6E6A7F003F49F4 /* Project object */;
			proxyType = 1;
			remoteGlobalIDString = F6DE20B12A6E6A7F003F49F4;
			remoteInfo = Translator;
		};
/* End PBXContainerItemProxy section */

/* Begin PBXFileReference section */
		F6B170462A6E93B2002A7BD2 /* MainTranslatorCell.swift */ = {isa = PBXFileReference; lastKnownFileType = sourcecode.swift; path = MainTranslatorCell.swift; sourceTree = "<group>"; };
		F6B1704A2A6E93EC002A7BD2 /* MainTranslatorCell.xib */ = {isa = PBXFileReference; lastKnownFileType = file.xib; path = MainTranslatorCell.xib; sourceTree = "<group>"; };
		F6C0D30C2A6E92CC00418837 /* MainTranslatoreViewController.swift */ = {isa = PBXFileReference; lastKnownFileType = sourcecode.swift; path = MainTranslatoreViewController.swift; sourceTree = "<group>"; };
		F6DE20B22A6E6A7F003F49F4 /* Translator.app */ = {isa = PBXFileReference; explicitFileType = wrapper.application; includeInIndex = 0; path = Translator.app; sourceTree = BUILT_PRODUCTS_DIR; };
		F6DE20B52A6E6A7F003F49F4 /* AppDelegate.swift */ = {isa = PBXFileReference; lastKnownFileType = sourcecode.swift; path = AppDelegate.swift; sourceTree = "<group>"; };
		F6DE20B72A6E6A7F003F49F4 /* SceneDelegate.swift */ = {isa = PBXFileReference; lastKnownFileType = sourcecode.swift; path = SceneDelegate.swift; sourceTree = "<group>"; };
		F6DE20BC2A6E6A7F003F49F4 /* Base */ = {isa = PBXFileReference; lastKnownFileType = file.storyboard; name = Base; path = Base.lproj/MainTranslator.storyboard; sourceTree = "<group>"; };
		F6DE20BE2A6E6A80003F49F4 /* Assets.xcassets */ = {isa = PBXFileReference; lastKnownFileType = folder.assetcatalog; path = Assets.xcassets; sourceTree = "<group>"; };
		F6DE20C12A6E6A80003F49F4 /* Base */ = {isa = PBXFileReference; lastKnownFileType = file.storyboard; name = Base; path = Base.lproj/LaunchScreen.storyboard; sourceTree = "<group>"; };
		F6DE20C32A6E6A80003F49F4 /* Info.plist */ = {isa = PBXFileReference; lastKnownFileType = text.plist.xml; path = Info.plist; sourceTree = "<group>"; };
		F6DE20C82A6E6A80003F49F4 /* TranslatorTests.xctest */ = {isa = PBXFileReference; explicitFileType = wrapper.cfbundle; includeInIndex = 0; path = TranslatorTests.xctest; sourceTree = BUILT_PRODUCTS_DIR; };
		F6DE20CC2A6E6A80003F49F4 /* TranslatorTests.swift */ = {isa = PBXFileReference; lastKnownFileType = sourcecode.swift; path = TranslatorTests.swift; sourceTree = "<group>"; };
		F6DE20D22A6E6A80003F49F4 /* TranslatorUITests.xctest */ = {isa = PBXFileReference; explicitFileType = wrapper.cfbundle; includeInIndex = 0; path = TranslatorUITests.xctest; sourceTree = BUILT_PRODUCTS_DIR; };
		F6DE20D62A6E6A80003F49F4 /* TranslatorUITests.swift */ = {isa = PBXFileReference; lastKnownFileType = sourcecode.swift; path = TranslatorUITests.swift; sourceTree = "<group>"; };
		F6DE20D82A6E6A80003F49F4 /* TranslatorUITestsLaunchTests.swift */ = {isa = PBXFileReference; lastKnownFileType = sourcecode.swift; path = TranslatorUITestsLaunchTests.swift; sourceTree = "<group>"; };
		F6DE20EA2A6E6CFE003F49F4 /* SplashScreen.storyboard */ = {isa = PBXFileReference; lastKnownFileType = file.storyboard; path = SplashScreen.storyboard; sourceTree = "<group>"; };
		F6DE20EC2A6E6DD2003F49F4 /* SplashScreenViewController.swift */ = {isa = PBXFileReference; lastKnownFileType = sourcecode.swift; path = SplashScreenViewController.swift; sourceTree = "<group>"; };
		F6DE20EF2A6E7273003F49F4 /* Sriracha-Regular.ttf */ = {isa = PBXFileReference; lastKnownFileType = file; path = "Sriracha-Regular.ttf"; sourceTree = "<group>"; };
		F6DE20F12A6E72DE003F49F4 /* FixelText-Light.ttf */ = {isa = PBXFileReference; lastKnownFileType = file; path = "FixelText-Light.ttf"; sourceTree = "<group>"; };
		F6DE20F22A6E72DE003F49F4 /* FixelText-ExtraLight.ttf */ = {isa = PBXFileReference; lastKnownFileType = file; path = "FixelText-ExtraLight.ttf"; sourceTree = "<group>"; };
		F6DE20F32A6E72DE003F49F4 /* FixelText-SemiBold.ttf */ = {isa = PBXFileReference; lastKnownFileType = file; path = "FixelText-SemiBold.ttf"; sourceTree = "<group>"; };
		F6DE20F42A6E72DE003F49F4 /* FixelText-Black.ttf */ = {isa = PBXFileReference; lastKnownFileType = file; path = "FixelText-Black.ttf"; sourceTree = "<group>"; };
		F6DE20F52A6E72DF003F49F4 /* FixelText-Regular.ttf */ = {isa = PBXFileReference; lastKnownFileType = file; path = "FixelText-Regular.ttf"; sourceTree = "<group>"; };
		F6DE20F62A6E72DF003F49F4 /* FixelText-Bold.ttf */ = {isa = PBXFileReference; lastKnownFileType = file; path = "FixelText-Bold.ttf"; sourceTree = "<group>"; };
		F6DE20F72A6E72DF003F49F4 /* FixelText-Thin.ttf */ = {isa = PBXFileReference; lastKnownFileType = file; path = "FixelText-Thin.ttf"; sourceTree = "<group>"; };
		F6DE20F82A6E72DF003F49F4 /* FixelText-Medium.ttf */ = {isa = PBXFileReference; lastKnownFileType = file; path = "FixelText-Medium.ttf"; sourceTree = "<group>"; };
		F6DE21532A6E7B43003F49F4 /* UIView+rotation.swift */ = {isa = PBXFileReference; lastKnownFileType = sourcecode.swift; path = "UIView+rotation.swift"; sourceTree = "<group>"; };
		F6DE21552A6E7C49003F49F4 /* Premium.storyboard */ = {isa = PBXFileReference; lastKnownFileType = file.storyboard; path = Premium.storyboard; sourceTree = "<group>"; };
		F6DE21582A6E7CBD003F49F4 /* PremiumViewController.swift */ = {isa = PBXFileReference; lastKnownFileType = sourcecode.swift; path = PremiumViewController.swift; sourceTree = "<group>"; };
/* End PBXFileReference section */

/* Begin PBXFrameworksBuildPhase section */
		F6DE20AF2A6E6A7F003F49F4 /* Frameworks */ = {
			isa = PBXFrameworksBuildPhase;
			buildActionMask = 2147483647;
			files = (
			);
			runOnlyForDeploymentPostprocessing = 0;
		};
		F6DE20C52A6E6A80003F49F4 /* Frameworks */ = {
			isa = PBXFrameworksBuildPhase;
			buildActionMask = 2147483647;
			files = (
			);
			runOnlyForDeploymentPostprocessing = 0;
		};
		F6DE20CF2A6E6A80003F49F4 /* Frameworks */ = {
			isa = PBXFrameworksBuildPhase;
			buildActionMask = 2147483647;
			files = (
			);
			runOnlyForDeploymentPostprocessing = 0;
		};
/* End PBXFrameworksBuildPhase section */

/* Begin PBXGroup section */
		F6B170452A6E9376002A7BD2 /* ViewContollerCells */ = {
			isa = PBXGroup;
			children = (
				F6B170482A6E93B5002A7BD2 /* MainTranslator */,
			);
			path = ViewContollerCells;
			sourceTree = "<group>";
		};
		F6B170482A6E93B5002A7BD2 /* MainTranslator */ = {
			isa = PBXGroup;
			children = (
				F6B170462A6E93B2002A7BD2 /* MainTranslatorCell.swift */,
			);
			path = MainTranslator;
			sourceTree = "<group>";
		};
		F6B170492A6E93DD002A7BD2 /* Cells */ = {
			isa = PBXGroup;
			children = (
				F6B1704A2A6E93EC002A7BD2 /* MainTranslatorCell.xib */,
			);
			path = Cells;
			sourceTree = "<group>";
		};
		F6C0D30B2A6E928500418837 /* MainTranslatorViewControllers */ = {
			isa = PBXGroup;
			children = (
				F6C0D30C2A6E92CC00418837 /* MainTranslatoreViewController.swift */,
			);
			path = MainTranslatorViewControllers;
			sourceTree = "<group>";
		};
		F6DE20A92A6E6A7F003F49F4 = {
			isa = PBXGroup;
			children = (
				F6DE20B42A6E6A7F003F49F4 /* Translator */,
				F6DE20CB2A6E6A80003F49F4 /* TranslatorTests */,
				F6DE20D52A6E6A80003F49F4 /* TranslatorUITests */,
				F6DE20B32A6E6A7F003F49F4 /* Products */,
			);
			sourceTree = "<group>";
		};
		F6DE20B32A6E6A7F003F49F4 /* Products */ = {
			isa = PBXGroup;
			children = (
				F6DE20B22A6E6A7F003F49F4 /* Translator.app */,
				F6DE20C82A6E6A80003F49F4 /* TranslatorTests.xctest */,
				F6DE20D22A6E6A80003F49F4 /* TranslatorUITests.xctest */,
			);
			name = Products;
			sourceTree = "<group>";
		};
		F6DE20B42A6E6A7F003F49F4 /* Translator */ = {
			isa = PBXGroup;
			children = (
				F6DE20C32A6E6A80003F49F4 /* Info.plist */,
				F6DE20E72A6E6B14003F49F4 /* Classes */,
				F6DE20E52A6E6AFB003F49F4 /* Resources */,
				F6DE20BE2A6E6A80003F49F4 /* Assets.xcassets */,
			);
			path = Translator;
			sourceTree = "<group>";
		};
		F6DE20CB2A6E6A80003F49F4 /* TranslatorTests */ = {
			isa = PBXGroup;
			children = (
				F6DE20CC2A6E6A80003F49F4 /* TranslatorTests.swift */,
			);
			path = TranslatorTests;
			sourceTree = "<group>";
		};
		F6DE20D52A6E6A80003F49F4 /* TranslatorUITests */ = {
			isa = PBXGroup;
			children = (
				F6DE20D62A6E6A80003F49F4 /* TranslatorUITests.swift */,
				F6DE20D82A6E6A80003F49F4 /* TranslatorUITestsLaunchTests.swift */,
			);
			path = TranslatorUITests;
			sourceTree = "<group>";
		};
		F6DE20E52A6E6AFB003F49F4 /* Resources */ = {
			isa = PBXGroup;
			children = (
				F6B170492A6E93DD002A7BD2 /* Cells */,
				F6DE20E62A6E6B06003F49F4 /* Storyboards */,
				F6DE20B52A6E6A7F003F49F4 /* AppDelegate.swift */,
				F6DE20B72A6E6A7F003F49F4 /* SceneDelegate.swift */,
				F6DE20C02A6E6A80003F49F4 /* LaunchScreen.storyboard */,
				F6DE20EE2A6E7259003F49F4 /* Fonts */,
			);
			path = Resources;
			sourceTree = "<group>";
		};
		F6DE20E62A6E6B06003F49F4 /* Storyboards */ = {
			isa = PBXGroup;
			children = (
				F6DE20BB2A6E6A7F003F49F4 /* MainTranslator.storyboard */,
				F6DE20EA2A6E6CFE003F49F4 /* SplashScreen.storyboard */,
				F6DE21552A6E7C49003F49F4 /* Premium.storyboard */,
			);
			path = Storyboards;
			sourceTree = "<group>";
		};
		F6DE20E72A6E6B14003F49F4 /* Classes */ = {
			isa = PBXGroup;
			children = (
				F6DE21522A6E7B3F003F49F4 /* Helpers */,
				F6B170452A6E9376002A7BD2 /* ViewContollerCells */,
				F6DE20E82A6E6B1B003F49F4 /* ViewControllers */,
			);
			path = Classes;
			sourceTree = "<group>";
		};
		F6DE20E82A6E6B1B003F49F4 /* ViewControllers */ = {
			isa = PBXGroup;
			children = (
				F6C0D30B2A6E928500418837 /* MainTranslatorViewControllers */,
				F6DE21572A6E7CA7003F49F4 /* PremiumViewControllers */,
				F6DE20EC2A6E6DD2003F49F4 /* SplashScreenViewController.swift */,
			);
			path = ViewControllers;
			sourceTree = "<group>";
		};
		F6DE20EE2A6E7259003F49F4 /* Fonts */ = {
			isa = PBXGroup;
			children = (
				F6DE20F42A6E72DE003F49F4 /* FixelText-Black.ttf */,
				F6DE20F62A6E72DF003F49F4 /* FixelText-Bold.ttf */,
				F6DE20F22A6E72DE003F49F4 /* FixelText-ExtraLight.ttf */,
				F6DE20F12A6E72DE003F49F4 /* FixelText-Light.ttf */,
				F6DE20F82A6E72DF003F49F4 /* FixelText-Medium.ttf */,
				F6DE20F52A6E72DF003F49F4 /* FixelText-Regular.ttf */,
				F6DE20F32A6E72DE003F49F4 /* FixelText-SemiBold.ttf */,
				F6DE20F72A6E72DF003F49F4 /* FixelText-Thin.ttf */,
				F6DE20EF2A6E7273003F49F4 /* Sriracha-Regular.ttf */,
			);
			path = Fonts;
			sourceTree = "<group>";
		};
		F6DE21522A6E7B3F003F49F4 /* Helpers */ = {
			isa = PBXGroup;
			children = (
				F6DE21532A6E7B43003F49F4 /* UIView+rotation.swift */,
			);
			path = Helpers;
			sourceTree = "<group>";
		};
		F6DE21572A6E7CA7003F49F4 /* PremiumViewControllers */ = {
			isa = PBXGroup;
			children = (
				F6DE21582A6E7CBD003F49F4 /* PremiumViewController.swift */,
			);
			path = PremiumViewControllers;
			sourceTree = "<group>";
		};
/* End PBXGroup section */

/* Begin PBXNativeTarget section */
		F6DE20B12A6E6A7F003F49F4 /* Translator */ = {
			isa = PBXNativeTarget;
			buildConfigurationList = F6DE20DC2A6E6A80003F49F4 /* Build configuration list for PBXNativeTarget "Translator" */;
			buildPhases = (
				F6DE20AE2A6E6A7F003F49F4 /* Sources */,
				F6DE20AF2A6E6A7F003F49F4 /* Frameworks */,
				F6DE20B02A6E6A7F003F49F4 /* Resources */,
			);
			buildRules = (
			);
			dependencies = (
			);
			name = Translator;
			productName = Translator;
			productReference = F6DE20B22A6E6A7F003F49F4 /* Translator.app */;
			productType = "com.apple.product-type.application";
		};
		F6DE20C72A6E6A80003F49F4 /* TranslatorTests */ = {
			isa = PBXNativeTarget;
			buildConfigurationList = F6DE20DF2A6E6A80003F49F4 /* Build configuration list for PBXNativeTarget "TranslatorTests" */;
			buildPhases = (
				F6DE20C42A6E6A80003F49F4 /* Sources */,
				F6DE20C52A6E6A80003F49F4 /* Frameworks */,
				F6DE20C62A6E6A80003F49F4 /* Resources */,
			);
			buildRules = (
			);
			dependencies = (
				F6DE20CA2A6E6A80003F49F4 /* PBXTargetDependency */,
			);
			name = TranslatorTests;
			productName = TranslatorTests;
			productReference = F6DE20C82A6E6A80003F49F4 /* TranslatorTests.xctest */;
			productType = "com.apple.product-type.bundle.unit-test";
		};
		F6DE20D12A6E6A80003F49F4 /* TranslatorUITests */ = {
			isa = PBXNativeTarget;
			buildConfigurationList = F6DE20E22A6E6A80003F49F4 /* Build configuration list for PBXNativeTarget "TranslatorUITests" */;
			buildPhases = (
				F6DE20CE2A6E6A80003F49F4 /* Sources */,
				F6DE20CF2A6E6A80003F49F4 /* Frameworks */,
				F6DE20D02A6E6A80003F49F4 /* Resources */,
			);
			buildRules = (
			);
			dependencies = (
				F6DE20D42A6E6A80003F49F4 /* PBXTargetDependency */,
			);
			name = TranslatorUITests;
			productName = TranslatorUITests;
			productReference = F6DE20D22A6E6A80003F49F4 /* TranslatorUITests.xctest */;
			productType = "com.apple.product-type.bundle.ui-testing";
		};
/* End PBXNativeTarget section */

/* Begin PBXProject section */
		F6DE20AA2A6E6A7F003F49F4 /* Project object */ = {
			isa = PBXProject;
			attributes = {
				BuildIndependentTargetsInParallel = 1;
				LastSwiftUpdateCheck = 1430;
				LastUpgradeCheck = 1430;
				TargetAttributes = {
					F6DE20B12A6E6A7F003F49F4 = {
						CreatedOnToolsVersion = 14.3;
					};
					F6DE20C72A6E6A80003F49F4 = {
						CreatedOnToolsVersion = 14.3;
						TestTargetID = F6DE20B12A6E6A7F003F49F4;
					};
					F6DE20D12A6E6A80003F49F4 = {
						CreatedOnToolsVersion = 14.3;
						TestTargetID = F6DE20B12A6E6A7F003F49F4;
					};
				};
			};
			buildConfigurationList = F6DE20AD2A6E6A7F003F49F4 /* Build configuration list for PBXProject "Translator" */;
			compatibilityVersion = "Xcode 14.0";
			developmentRegion = en;
			hasScannedForEncodings = 0;
			knownRegions = (
				en,
				Base,
			);
			mainGroup = F6DE20A92A6E6A7F003F49F4;
			productRefGroup = F6DE20B32A6E6A7F003F49F4 /* Products */;
			projectDirPath = "";
			projectRoot = "";
			targets = (
				F6DE20B12A6E6A7F003F49F4 /* Translator */,
				F6DE20C72A6E6A80003F49F4 /* TranslatorTests */,
				F6DE20D12A6E6A80003F49F4 /* TranslatorUITests */,
			);
		};
/* End PBXProject section */

/* Begin PBXResourcesBuildPhase section */
		F6DE20B02A6E6A7F003F49F4 /* Resources */ = {
			isa = PBXResourcesBuildPhase;
			buildActionMask = 2147483647;
			files = (
				F6DE20EB2A6E6CFE003F49F4 /* SplashScreen.storyboard in Resources */,
				F6DE21272A6E72DF003F49F4 /* FixelText-Bold.ttf in Resources */,
				F6DE20C22A6E6A80003F49F4 /* LaunchScreen.storyboard in Resources */,
				F6DE20BF2A6E6A80003F49F4 /* Assets.xcassets in Resources */,
				F6B1704B2A6E93EC002A7BD2 /* MainTranslatorCell.xib in Resources */,
				F6DE21242A6E72DF003F49F4 /* FixelText-SemiBold.ttf in Resources */,
				F6DE20BD2A6E6A7F003F49F4 /* MainTranslator.storyboard in Resources */,
				F6DE21562A6E7C49003F49F4 /* Premium.storyboard in Resources */,
				F6DE21252A6E72DF003F49F4 /* FixelText-Black.ttf in Resources */,
				F6DE21282A6E72DF003F49F4 /* FixelText-Thin.ttf in Resources */,
				F6DE21232A6E72DF003F49F4 /* FixelText-ExtraLight.ttf in Resources */,
				F6DE20F02A6E7273003F49F4 /* Sriracha-Regular.ttf in Resources */,
				F6DE21222A6E72DF003F49F4 /* FixelText-Light.ttf in Resources */,
				F6DE21262A6E72DF003F49F4 /* FixelText-Regular.ttf in Resources */,
				F6DE21292A6E72DF003F49F4 /* FixelText-Medium.ttf in Resources */,
			);
			runOnlyForDeploymentPostprocessing = 0;
		};
		F6DE20C62A6E6A80003F49F4 /* Resources */ = {
			isa = PBXResourcesBuildPhase;
			buildActionMask = 2147483647;
			files = (
			);
			runOnlyForDeploymentPostprocessing = 0;
		};
		F6DE20D02A6E6A80003F49F4 /* Resources */ = {
			isa = PBXResourcesBuildPhase;
			buildActionMask = 2147483647;
			files = (
			);
			runOnlyForDeploymentPostprocessing = 0;
		};
/* End PBXResourcesBuildPhase section */

/* Begin PBXSourcesBuildPhase section */
		F6DE20AE2A6E6A7F003F49F4 /* Sources */ = {
			isa = PBXSourcesBuildPhase;
			buildActionMask = 2147483647;
			files = (
				F6DE21542A6E7B43003F49F4 /* UIView+rotation.swift in Sources */,
				F6B170472A6E93B2002A7BD2 /* MainTranslatorCell.swift in Sources */,
				F6DE21592A6E7CBD003F49F4 /* PremiumViewController.swift in Sources */,
				F6DE20ED2A6E6DD2003F49F4 /* SplashScreenViewController.swift in Sources */,
				F6DE20B62A6E6A7F003F49F4 /* AppDelegate.swift in Sources */,
				F6DE20B82A6E6A7F003F49F4 /* SceneDelegate.swift in Sources */,
				F6C0D30D2A6E92CC00418837 /* MainTranslatoreViewController.swift in Sources */,
			);
			runOnlyForDeploymentPostprocessing = 0;
		};
		F6DE20C42A6E6A80003F49F4 /* Sources */ = {
			isa = PBXSourcesBuildPhase;
			buildActionMask = 2147483647;
			files = (
				F6DE20CD2A6E6A80003F49F4 /* TranslatorTests.swift in Sources */,
			);
			runOnlyForDeploymentPostprocessing = 0;
		};
		F6DE20CE2A6E6A80003F49F4 /* Sources */ = {
			isa = PBXSourcesBuildPhase;
			buildActionMask = 2147483647;
			files = (
				F6DE20D92A6E6A80003F49F4 /* TranslatorUITestsLaunchTests.swift in Sources */,
				F6DE20D72A6E6A80003F49F4 /* TranslatorUITests.swift in Sources */,
			);
			runOnlyForDeploymentPostprocessing = 0;
		};
/* End PBXSourcesBuildPhase section */

/* Begin PBXTargetDependency section */
		F6DE20CA2A6E6A80003F49F4 /* PBXTargetDependency */ = {
			isa = PBXTargetDependency;
			target = F6DE20B12A6E6A7F003F49F4 /* Translator */;
			targetProxy = F6DE20C92A6E6A80003F49F4 /* PBXContainerItemProxy */;
		};
		F6DE20D42A6E6A80003F49F4 /* PBXTargetDependency */ = {
			isa = PBXTargetDependency;
			target = F6DE20B12A6E6A7F003F49F4 /* Translator */;
			targetProxy = F6DE20D32A6E6A80003F49F4 /* PBXContainerItemProxy */;
		};
/* End PBXTargetDependency section */

/* Begin PBXVariantGroup section */
		F6DE20BB2A6E6A7F003F49F4 /* MainTranslator.storyboard */ = {
			isa = PBXVariantGroup;
			children = (
				F6DE20BC2A6E6A7F003F49F4 /* Base */,
			);
			name = MainTranslator.storyboard;
			sourceTree = "<group>";
		};
		F6DE20C02A6E6A80003F49F4 /* LaunchScreen.storyboard */ = {
			isa = PBXVariantGroup;
			children = (
				F6DE20C12A6E6A80003F49F4 /* Base */,
			);
			name = LaunchScreen.storyboard;
			sourceTree = "<group>";
		};
/* End PBXVariantGroup section */

/* Begin XCBuildConfiguration section */
		F6DE20DA2A6E6A80003F49F4 /* Debug */ = {
			isa = XCBuildConfiguration;
			buildSettings = {
				ALWAYS_SEARCH_USER_PATHS = NO;
				CLANG_ANALYZER_NONNULL = YES;
				CLANG_ANALYZER_NUMBER_OBJECT_CONVERSION = YES_AGGRESSIVE;
				CLANG_CXX_LANGUAGE_STANDARD = "gnu++20";
				CLANG_ENABLE_MODULES = YES;
				CLANG_ENABLE_OBJC_ARC = YES;
				CLANG_ENABLE_OBJC_WEAK = YES;
				CLANG_WARN_BLOCK_CAPTURE_AUTORELEASING = YES;
				CLANG_WARN_BOOL_CONVERSION = YES;
				CLANG_WARN_COMMA = YES;
				CLANG_WARN_CONSTANT_CONVERSION = YES;
				CLANG_WARN_DEPRECATED_OBJC_IMPLEMENTATIONS = YES;
				CLANG_WARN_DIRECT_OBJC_ISA_USAGE = YES_ERROR;
				CLANG_WARN_DOCUMENTATION_COMMENTS = YES;
				CLANG_WARN_EMPTY_BODY = YES;
				CLANG_WARN_ENUM_CONVERSION = YES;
				CLANG_WARN_INFINITE_RECURSION = YES;
				CLANG_WARN_INT_CONVERSION = YES;
				CLANG_WARN_NON_LITERAL_NULL_CONVERSION = YES;
				CLANG_WARN_OBJC_IMPLICIT_RETAIN_SELF = YES;
				CLANG_WARN_OBJC_LITERAL_CONVERSION = YES;
				CLANG_WARN_OBJC_ROOT_CLASS = YES_ERROR;
				CLANG_WARN_QUOTED_INCLUDE_IN_FRAMEWORK_HEADER = YES;
				CLANG_WARN_RANGE_LOOP_ANALYSIS = YES;
				CLANG_WARN_STRICT_PROTOTYPES = YES;
				CLANG_WARN_SUSPICIOUS_MOVE = YES;
				CLANG_WARN_UNGUARDED_AVAILABILITY = YES_AGGRESSIVE;
				CLANG_WARN_UNREACHABLE_CODE = YES;
				CLANG_WARN__DUPLICATE_METHOD_MATCH = YES;
				COPY_PHASE_STRIP = NO;
				DEBUG_INFORMATION_FORMAT = dwarf;
				ENABLE_STRICT_OBJC_MSGSEND = YES;
				ENABLE_TESTABILITY = YES;
				GCC_C_LANGUAGE_STANDARD = gnu11;
				GCC_DYNAMIC_NO_PIC = NO;
				GCC_NO_COMMON_BLOCKS = YES;
				GCC_OPTIMIZATION_LEVEL = 0;
				GCC_PREPROCESSOR_DEFINITIONS = (
					"DEBUG=1",
					"$(inherited)",
				);
				GCC_WARN_64_TO_32_BIT_CONVERSION = YES;
				GCC_WARN_ABOUT_RETURN_TYPE = YES_ERROR;
				GCC_WARN_UNDECLARED_SELECTOR = YES;
				GCC_WARN_UNINITIALIZED_AUTOS = YES_AGGRESSIVE;
				GCC_WARN_UNUSED_FUNCTION = YES;
				GCC_WARN_UNUSED_VARIABLE = YES;
				IPHONEOS_DEPLOYMENT_TARGET = 16.4;
				MTL_ENABLE_DEBUG_INFO = INCLUDE_SOURCE;
				MTL_FAST_MATH = YES;
				ONLY_ACTIVE_ARCH = YES;
				SDKROOT = iphoneos;
				SWIFT_ACTIVE_COMPILATION_CONDITIONS = DEBUG;
				SWIFT_OPTIMIZATION_LEVEL = "-Onone";
			};
			name = Debug;
		};
		F6DE20DB2A6E6A80003F49F4 /* Release */ = {
			isa = XCBuildConfiguration;
			buildSettings = {
				ALWAYS_SEARCH_USER_PATHS = NO;
				CLANG_ANALYZER_NONNULL = YES;
				CLANG_ANALYZER_NUMBER_OBJECT_CONVERSION = YES_AGGRESSIVE;
				CLANG_CXX_LANGUAGE_STANDARD = "gnu++20";
				CLANG_ENABLE_MODULES = YES;
				CLANG_ENABLE_OBJC_ARC = YES;
				CLANG_ENABLE_OBJC_WEAK = YES;
				CLANG_WARN_BLOCK_CAPTURE_AUTORELEASING = YES;
				CLANG_WARN_BOOL_CONVERSION = YES;
				CLANG_WARN_COMMA = YES;
				CLANG_WARN_CONSTANT_CONVERSION = YES;
				CLANG_WARN_DEPRECATED_OBJC_IMPLEMENTATIONS = YES;
				CLANG_WARN_DIRECT_OBJC_ISA_USAGE = YES_ERROR;
				CLANG_WARN_DOCUMENTATION_COMMENTS = YES;
				CLANG_WARN_EMPTY_BODY = YES;
				CLANG_WARN_ENUM_CONVERSION = YES;
				CLANG_WARN_INFINITE_RECURSION = YES;
				CLANG_WARN_INT_CONVERSION = YES;
				CLANG_WARN_NON_LITERAL_NULL_CONVERSION = YES;
				CLANG_WARN_OBJC_IMPLICIT_RETAIN_SELF = YES;
				CLANG_WARN_OBJC_LITERAL_CONVERSION = YES;
				CLANG_WARN_OBJC_ROOT_CLASS = YES_ERROR;
				CLANG_WARN_QUOTED_INCLUDE_IN_FRAMEWORK_HEADER = YES;
				CLANG_WARN_RANGE_LOOP_ANALYSIS = YES;
				CLANG_WARN_STRICT_PROTOTYPES = YES;
				CLANG_WARN_SUSPICIOUS_MOVE = YES;
				CLANG_WARN_UNGUARDED_AVAILABILITY = YES_AGGRESSIVE;
				CLANG_WARN_UNREACHABLE_CODE = YES;
				CLANG_WARN__DUPLICATE_METHOD_MATCH = YES;
				COPY_PHASE_STRIP = NO;
				DEBUG_INFORMATION_FORMAT = "dwarf-with-dsym";
				ENABLE_NS_ASSERTIONS = NO;
				ENABLE_STRICT_OBJC_MSGSEND = YES;
				GCC_C_LANGUAGE_STANDARD = gnu11;
				GCC_NO_COMMON_BLOCKS = YES;
				GCC_WARN_64_TO_32_BIT_CONVERSION = YES;
				GCC_WARN_ABOUT_RETURN_TYPE = YES_ERROR;
				GCC_WARN_UNDECLARED_SELECTOR = YES;
				GCC_WARN_UNINITIALIZED_AUTOS = YES_AGGRESSIVE;
				GCC_WARN_UNUSED_FUNCTION = YES;
				GCC_WARN_UNUSED_VARIABLE = YES;
				IPHONEOS_DEPLOYMENT_TARGET = 16.4;
				MTL_ENABLE_DEBUG_INFO = NO;
				MTL_FAST_MATH = YES;
				SDKROOT = iphoneos;
				SWIFT_COMPILATION_MODE = wholemodule;
				SWIFT_OPTIMIZATION_LEVEL = "-O";
				VALIDATE_PRODUCT = YES;
			};
			name = Release;
		};
		F6DE20DD2A6E6A80003F49F4 /* Debug */ = {
			isa = XCBuildConfiguration;
			buildSettings = {
				ASSETCATALOG_COMPILER_APPICON_NAME = AppIcon;
				ASSETCATALOG_COMPILER_GLOBAL_ACCENT_COLOR_NAME = AccentColor;
				CODE_SIGN_STYLE = Automatic;
				CURRENT_PROJECT_VERSION = 1;
				DEVELOPMENT_TEAM = 6NNWR2JHQ8;
				GENERATE_INFOPLIST_FILE = YES;
				INFOPLIST_FILE = Translator/Info.plist;
				INFOPLIST_KEY_UIApplicationSupportsIndirectInputEvents = YES;
				INFOPLIST_KEY_UILaunchStoryboardName = LaunchScreen;
				INFOPLIST_KEY_UIMainStoryboardFile = Main;
				INFOPLIST_KEY_UISupportedInterfaceOrientations_iPad = "UIInterfaceOrientationPortrait UIInterfaceOrientationPortraitUpsideDown UIInterfaceOrientationLandscapeLeft UIInterfaceOrientationLandscapeRight";
				INFOPLIST_KEY_UISupportedInterfaceOrientations_iPhone = "UIInterfaceOrientationPortrait UIInterfaceOrientationLandscapeLeft UIInterfaceOrientationLandscapeRight";
				LD_RUNPATH_SEARCH_PATHS = (
					"$(inherited)",
					"@executable_path/Frameworks",
				);
				MARKETING_VERSION = 1.0;
				PRODUCT_BUNDLE_IDENTIFIER = w.Translator;
				PRODUCT_NAME = "$(TARGET_NAME)";
				SWIFT_EMIT_LOC_STRINGS = YES;
				SWIFT_VERSION = 5.0;
				TARGETED_DEVICE_FAMILY = "1,2";
			};
			name = Debug;
		};
		F6DE20DE2A6E6A80003F49F4 /* Release */ = {
			isa = XCBuildConfiguration;
			buildSettings = {
				ASSETCATALOG_COMPILER_APPICON_NAME = AppIcon;
				ASSETCATALOG_COMPILER_GLOBAL_ACCENT_COLOR_NAME = AccentColor;
				CODE_SIGN_STYLE = Automatic;
				CURRENT_PROJECT_VERSION = 1;
				DEVELOPMENT_TEAM = 6NNWR2JHQ8;
				GENERATE_INFOPLIST_FILE = YES;
				INFOPLIST_FILE = Translator/Info.plist;
				INFOPLIST_KEY_UIApplicationSupportsIndirectInputEvents = YES;
				INFOPLIST_KEY_UILaunchStoryboardName = LaunchScreen;
				INFOPLIST_KEY_UIMainStoryboardFile = Main;
				INFOPLIST_KEY_UISupportedInterfaceOrientations_iPad = "UIInterfaceOrientationPortrait UIInterfaceOrientationPortraitUpsideDown UIInterfaceOrientationLandscapeLeft UIInterfaceOrientationLandscapeRight";
				INFOPLIST_KEY_UISupportedInterfaceOrientations_iPhone = "UIInterfaceOrientationPortrait UIInterfaceOrientationLandscapeLeft UIInterfaceOrientationLandscapeRight";
				LD_RUNPATH_SEARCH_PATHS = (
					"$(inherited)",
					"@executable_path/Frameworks",
				);
				MARKETING_VERSION = 1.0;
				PRODUCT_BUNDLE_IDENTIFIER = w.Translator;
				PRODUCT_NAME = "$(TARGET_NAME)";
				SWIFT_EMIT_LOC_STRINGS = YES;
				SWIFT_VERSION = 5.0;
				TARGETED_DEVICE_FAMILY = "1,2";
			};
			name = Release;
		};
		F6DE20E02A6E6A80003F49F4 /* Debug */ = {
			isa = XCBuildConfiguration;
			buildSettings = {
				ALWAYS_EMBED_SWIFT_STANDARD_LIBRARIES = YES;
				BUNDLE_LOADER = "$(TEST_HOST)";
				CODE_SIGN_STYLE = Automatic;
				CURRENT_PROJECT_VERSION = 1;
				DEVELOPMENT_TEAM = 6NNWR2JHQ8;
				GENERATE_INFOPLIST_FILE = YES;
				IPHONEOS_DEPLOYMENT_TARGET = 16.4;
				MARKETING_VERSION = 1.0;
				PRODUCT_BUNDLE_IDENTIFIER = w.TranslatorTests;
				PRODUCT_NAME = "$(TARGET_NAME)";
				SWIFT_EMIT_LOC_STRINGS = NO;
				SWIFT_VERSION = 5.0;
				TARGETED_DEVICE_FAMILY = "1,2";
				TEST_HOST = "$(BUILT_PRODUCTS_DIR)/Translator.app/$(BUNDLE_EXECUTABLE_FOLDER_PATH)/Translator";
			};
			name = Debug;
		};
		F6DE20E12A6E6A80003F49F4 /* Release */ = {
			isa = XCBuildConfiguration;
			buildSettings = {
				ALWAYS_EMBED_SWIFT_STANDARD_LIBRARIES = YES;
				BUNDLE_LOADER = "$(TEST_HOST)";
				CODE_SIGN_STYLE = Automatic;
				CURRENT_PROJECT_VERSION = 1;
				DEVELOPMENT_TEAM = 6NNWR2JHQ8;
				GENERATE_INFOPLIST_FILE = YES;
				IPHONEOS_DEPLOYMENT_TARGET = 16.4;
				MARKETING_VERSION = 1.0;
				PRODUCT_BUNDLE_IDENTIFIER = w.TranslatorTests;
				PRODUCT_NAME = "$(TARGET_NAME)";
				SWIFT_EMIT_LOC_STRINGS = NO;
				SWIFT_VERSION = 5.0;
				TARGETED_DEVICE_FAMILY = "1,2";
				TEST_HOST = "$(BUILT_PRODUCTS_DIR)/Translator.app/$(BUNDLE_EXECUTABLE_FOLDER_PATH)/Translator";
			};
			name = Release;
		};
		F6DE20E32A6E6A80003F49F4 /* Debug */ = {
			isa = XCBuildConfiguration;
			buildSettings = {
				ALWAYS_EMBED_SWIFT_STANDARD_LIBRARIES = YES;
				CODE_SIGN_STYLE = Automatic;
				CURRENT_PROJECT_VERSION = 1;
				DEVELOPMENT_TEAM = 6NNWR2JHQ8;
				GENERATE_INFOPLIST_FILE = YES;
				MARKETING_VERSION = 1.0;
				PRODUCT_BUNDLE_IDENTIFIER = w.TranslatorUITests;
				PRODUCT_NAME = "$(TARGET_NAME)";
				SWIFT_EMIT_LOC_STRINGS = NO;
				SWIFT_VERSION = 5.0;
				TARGETED_DEVICE_FAMILY = "1,2";
				TEST_TARGET_NAME = Translator;
			};
			name = Debug;
		};
		F6DE20E42A6E6A80003F49F4 /* Release */ = {
			isa = XCBuildConfiguration;
			buildSettings = {
				ALWAYS_EMBED_SWIFT_STANDARD_LIBRARIES = YES;
				CODE_SIGN_STYLE = Automatic;
				CURRENT_PROJECT_VERSION = 1;
				DEVELOPMENT_TEAM = 6NNWR2JHQ8;
				GENERATE_INFOPLIST_FILE = YES;
				MARKETING_VERSION = 1.0;
				PRODUCT_BUNDLE_IDENTIFIER = w.TranslatorUITests;
				PRODUCT_NAME = "$(TARGET_NAME)";
				SWIFT_EMIT_LOC_STRINGS = NO;
				SWIFT_VERSION = 5.0;
				TARGETED_DEVICE_FAMILY = "1,2";
				TEST_TARGET_NAME = Translator;
			};
			name = Release;
		};
/* End XCBuildConfiguration section */

/* Begin XCConfigurationList section */
		F6DE20AD2A6E6A7F003F49F4 /* Build configuration list for PBXProject "Translator" */ = {
			isa = XCConfigurationList;
			buildConfigurations = (
				F6DE20DA2A6E6A80003F49F4 /* Debug */,
				F6DE20DB2A6E6A80003F49F4 /* Release */,
			);
			defaultConfigurationIsVisible = 0;
			defaultConfigurationName = Release;
		};
		F6DE20DC2A6E6A80003F49F4 /* Build configuration list for PBXNativeTarget "Translator" */ = {
			isa = XCConfigurationList;
			buildConfigurations = (
				F6DE20DD2A6E6A80003F49F4 /* Debug */,
				F6DE20DE2A6E6A80003F49F4 /* Release */,
			);
			defaultConfigurationIsVisible = 0;
			defaultConfigurationName = Release;
		};
		F6DE20DF2A6E6A80003F49F4 /* Build configuration list for PBXNativeTarget "TranslatorTests" */ = {
			isa = XCConfigurationList;
			buildConfigurations = (
				F6DE20E02A6E6A80003F49F4 /* Debug */,
				F6DE20E12A6E6A80003F49F4 /* Release */,
			);
			defaultConfigurationIsVisible = 0;
			defaultConfigurationName = Release;
		};
		F6DE20E22A6E6A80003F49F4 /* Build configuration list for PBXNativeTarget "TranslatorUITests" */ = {
			isa = XCConfigurationList;
			buildConfigurations = (
				F6DE20E32A6E6A80003F49F4 /* Debug */,
				F6DE20E42A6E6A80003F49F4 /* Release */,
			);
			defaultConfigurationIsVisible = 0;
			defaultConfigurationName = Release;
		};
/* End XCConfigurationList section */
	};
	rootObject = F6DE20AA2A6E6A7F003F49F4 /* Project object */;
}
